// !$*UTF8*$!
{
	archiveVersion = 1;
	classes = {
	};
	objectVersion = 46;
	objects = {

/* Begin PBXAggregateTarget section */
		97A39EEC67D440EA9CF1EDA1 /* ZERO_CHECK */ = {
			isa = PBXAggregateTarget;
			buildConfigurationList = BED65176225649FE8DAE55E0 /* Build configuration list for PBXAggregateTarget "ZERO_CHECK" */;
			buildPhases = (
				9E4F3F6E71E7E99998CC50B7 /* Generate CMakeFiles/ZERO_CHECK */,
			);
			dependencies = (
			);
			name = ZERO_CHECK;
			productName = ZERO_CHECK;
		};
		A769B68414414BA29BCC785D /* install */ = {
			isa = PBXAggregateTarget;
			buildConfigurationList = CEF17D6B502A46CD86E13C2A /* Build configuration list for PBXAggregateTarget "install" */;
			buildPhases = (
				93426DA6A4AC2C2AC9CE883C /* CMake PostBuild Rules */,
			);
			dependencies = (
				086F09078A1146D78BF2A2F7 /* PBXTargetDependency */,
			);
			name = install;
			productName = install;
		};
		BF2FB25D5E4A4C25B33C0996 /* ALL_BUILD */ = {
			isa = PBXAggregateTarget;
			buildConfigurationList = E7DBFAAAC1F14481A0C2D325 /* Build configuration list for PBXAggregateTarget "ALL_BUILD" */;
			buildPhases = (
				B8283C94855F0CECFC82AA8E /* Generate CMakeFiles/ALL_BUILD */,
			);
			dependencies = (
				681E40AB3A794803A4B7A9FF /* PBXTargetDependency */,
				39EAFE9D96764AA581A7BD8E /* PBXTargetDependency */,
			);
			name = ALL_BUILD;
			productName = ALL_BUILD;
		};
		E87AA582F6064FAE91ADA925 /* periodiCpp_autogen */ = {
			isa = PBXAggregateTarget;
			buildConfigurationList = A8B393498ED34CDF855632CF /* Build configuration list for PBXAggregateTarget "periodiCpp_autogen" */;
			buildPhases = (
				05E3D6F846CA479EE7A0CD2B /* Generate CMakeFiles/periodiCpp_autogen */,
			);
			dependencies = (
				CD6F09B341FA4199A8580A45 /* PBXTargetDependency */,
			);
			name = periodiCpp_autogen;
			productName = periodiCpp_autogen;
		};
/* End PBXAggregateTarget section */

/* Begin PBXBuildFile section */
		0128F879D603471391A43674 /* /Users/mustafaozdemir/Qt_project/periodiCpp/quizsection.cpp */ = {isa = PBXBuildFile; fileRef = 9D2AF47062C94972B250307B /* /Users/mustafaozdemir/Qt_project/periodiCpp/quizsection.cpp */; };
		01EA530A985B486DBA45AC7B /* /Users/mustafaozdemir/Qt_project/periodiCpp/elementdialog.h */ = {isa = PBXBuildFile; fileRef = 0C2713CBD95D44A6A7F2FDAA /* /Users/mustafaozdemir/Qt_project/periodiCpp/elementdialog.h */; };
		03351B85537646C988BBD0FA /* /Users/mustafaozdemir/Qt/6.6.1/macos/lib/QtGui.framework */ = {isa = PBXBuildFile; fileRef = 8445EC44E83F4EC78A06CA5E /* /Users/mustafaozdemir/Qt/6.6.1/macos/lib/QtGui.framework */; };
		03B0754836B8432BA3E25F30 /* /Users/mustafaozdemir/Qt_project/periodiCpp/questiondialog.cpp */ = {isa = PBXBuildFile; fileRef = 73B389DC078A4AB4942ADBEA /* /Users/mustafaozdemir/Qt_project/periodiCpp/questiondialog.cpp */; };
		0A337B2F54C64DBA89ED8871 /* /Users/mustafaozdemir/Qt_project/periodiCpp/challenge.cpp */ = {isa = PBXBuildFile; fileRef = 49917BC0859C4F3C8E1A397A /* /Users/mustafaozdemir/Qt_project/periodiCpp/challenge.cpp */; };
		0BBA5C735FCD48DB9B69E5A7 /* /Users/mustafaozdemir/Qt_project/periodiCpp/element.cpp */ = {isa = PBXBuildFile; fileRef = F162605C3E2248CC9BEA2AA9 /* /Users/mustafaozdemir/Qt_project/periodiCpp/element.cpp */; };
		0C0575D9ACD649C1A4DF9B8F /* /Users/mustafaozdemir/Qt_project/periodiCpp/challenge.h */ = {isa = PBXBuildFile; fileRef = 49BC2F6BCEA24985AB0BDF2D /* /Users/mustafaozdemir/Qt_project/periodiCpp/challenge.h */; };
		0D6361C53B7F4728BF8AFB01 /* /Users/mustafaozdemir/Qt_project/periodiCpp/scoremanager.h */ = {isa = PBXBuildFile; fileRef = 538ABE8D292B4CFBAB5C1CDE /* /Users/mustafaozdemir/Qt_project/periodiCpp/scoremanager.h */; };
		127368C182464F4A822C3496 /* /Users/mustafaozdemir/Qt_project/build-periodiCpp-Qt_6_6_1_macos-Release/periodiCpp_autogen/include/forms/ui_elementdialog.h */ = {isa = PBXBuildFile; fileRef = 77EAAA91341F4CB3B938460B /* /Users/mustafaozdemir/Qt_project/build-periodiCpp-Qt_6_6_1_macos-Release/periodiCpp_autogen/include/forms/ui_elementdialog.h */; };
		1CE3CA4FF88542E792B8B0C4 /* /Users/mustafaozdemir/Qt/6.6.1/macos/lib/QtWidgets.framework */ = {isa = PBXBuildFile; fileRef = 9B08D731558C4C5D8AE4BF31 /* /Users/mustafaozdemir/Qt/6.6.1/macos/lib/QtWidgets.framework */; };
		1FDCADF8FDD345C9AB2184CB /* /Users/mustafaozdemir/Qt_project/periodiCpp/questiondialog.h */ = {isa = PBXBuildFile; fileRef = EBAF1AAB9ADA42EEA9F42B2F /* /Users/mustafaozdemir/Qt_project/periodiCpp/questiondialog.h */; };
		293948F0584543E7B703C754 /* /Users/mustafaozdemir/Qt/6.6.1/macos/lib/QtCore.framework */ = {isa = PBXBuildFile; fileRef = B092C10F1CF2437899E227B5 /* /Users/mustafaozdemir/Qt/6.6.1/macos/lib/QtCore.framework */; };
		351704F214FE46938642441D /* /Users/mustafaozdemir/Qt_project/periodiCpp/quizsection.h */ = {isa = PBXBuildFile; fileRef = 80EC571B8A544772B33CE55C /* /Users/mustafaozdemir/Qt_project/periodiCpp/quizsection.h */; };
		3EFBE022D3184A4E83726D51 /* /Users/mustafaozdemir/Qt_project/periodiCpp/forms/quizsection.ui */ = {isa = PBXBuildFile; fileRef = 576D728DAE874323A713BA98 /* /Users/mustafaozdemir/Qt_project/periodiCpp/forms/quizsection.ui */; };
		3F5C62EB8A8E48528F724CF2 /* /Users/mustafaozdemir/Qt_project/periodiCpp/forms/tablesection.ui */ = {isa = PBXBuildFile; fileRef = 00B1FBE648F946C5A6DEB6CE /* /Users/mustafaozdemir/Qt_project/periodiCpp/forms/tablesection.ui */; };
		4CDAA613125547CAA0E6B390 /* /Users/mustafaozdemir/Qt_project/periodiCpp/question.h */ = {isa = PBXBuildFile; fileRef = 1F996CA086FD49B9A4BD462A /* /Users/mustafaozdemir/Qt_project/periodiCpp/question.h */; };
		4DD568D11D794BCDBBAF87CC /* /Users/mustafaozdemir/Qt_project/periodiCpp/mainmenu.h */ = {isa = PBXBuildFile; fileRef = 71B9A7E35CF047C2B373BC45 /* /Users/mustafaozdemir/Qt_project/periodiCpp/mainmenu.h */; };
		4E2815CD655443938BDAEA6E /* /Users/mustafaozdemir/Qt_project/periodiCpp/level.h */ = {isa = PBXBuildFile; fileRef = 8321F62510F44DE6BEDBD7E4 /* /Users/mustafaozdemir/Qt_project/periodiCpp/level.h */; };
		603D5951E91146D4BA710F96 /* /Users/mustafaozdemir/Qt_project/periodiCpp/tablesection.h */ = {isa = PBXBuildFile; fileRef = 2C15A85E6AD145CEAC665AEF /* /Users/mustafaozdemir/Qt_project/periodiCpp/tablesection.h */; };
		6D38BD3865624742B4D78799 /* /Users/mustafaozdemir/Qt_project/periodiCpp/main.cpp */ = {isa = PBXBuildFile; fileRef = D2571C437598469B91834AB5 /* /Users/mustafaozdemir/Qt_project/periodiCpp/main.cpp */; };
		7DFD127D01084D91BCAF0C5C /* /Users/mustafaozdemir/Qt_project/periodiCpp/mainmenu.cpp */ = {isa = PBXBuildFile; fileRef = 1AF8DD786B424E3B8D55462E /* /Users/mustafaozdemir/Qt_project/periodiCpp/mainmenu.cpp */; };
		7F002E7DE2294A6B9C74ED3B /* /Users/mustafaozdemir/Qt_project/periodiCpp/dialoghandler.h */ = {isa = PBXBuildFile; fileRef = 52691C940C0D4B43AE8EE3A1 /* /Users/mustafaozdemir/Qt_project/periodiCpp/dialoghandler.h */; };
		8B125A32673A4C8087FAF3C3 /* /Users/mustafaozdemir/Qt_project/build-periodiCpp-Qt_6_6_1_macos-Release/periodiCpp_autogen/EWIEGA46WW/qrc_resources.cpp */ = {isa = PBXBuildFile; fileRef = E9BE7A701EB9458AB211DDBF /* /Users/mustafaozdemir/Qt_project/build-periodiCpp-Qt_6_6_1_macos-Release/periodiCpp_autogen/EWIEGA46WW/qrc_resources.cpp */; };
		8B4D1DDBA03E4976BCBBA7CB /* /Users/mustafaozdemir/Qt_project/build-periodiCpp-Qt_6_6_1_macos-Release/CMakeFiles/periodiCpp.dir/Info.plist */ = {isa = PBXBuildFile; fileRef = 032F1E1F600C42B2B5D7BED6 /* /Users/mustafaozdemir/Qt_project/build-periodiCpp-Qt_6_6_1_macos-Release/CMakeFiles/periodiCpp.dir/Info.plist */; };
		8CFCF7DEA4E349D09484C438 /* /Users/mustafaozdemir/Qt_project/periodiCpp/level.cpp */ = {isa = PBXBuildFile; fileRef = 2672AF2868A14873B4502CAC /* /Users/mustafaozdemir/Qt_project/periodiCpp/level.cpp */; };
		9A9C85A988A746D094794989 /* /Users/mustafaozdemir/Qt_project/periodiCpp/forms/mainmenu.ui */ = {isa = PBXBuildFile; fileRef = D0018D89243B421EBB961696 /* /Users/mustafaozdemir/Qt_project/periodiCpp/forms/mainmenu.ui */; };
		9C858922F104469AA5AAC5BE /* /Users/mustafaozdemir/Qt_project/periodiCpp/scoremanager.cpp */ = {isa = PBXBuildFile; fileRef = 55757DAD050B4B42B4109665 /* /Users/mustafaozdemir/Qt_project/periodiCpp/scoremanager.cpp */; };
		9F5C77BA70F0483E99A0F2E3 /* /Users/mustafaozdemir/Qt_project/periodiCpp/elementdialog.cpp */ = {isa = PBXBuildFile; fileRef = 6F6866FE959B4B14A91C328D /* /Users/mustafaozdemir/Qt_project/periodiCpp/elementdialog.cpp */; };
		A427136B1AD44EB8B49E9D6C /* /Users/mustafaozdemir/Qt_project/build-periodiCpp-Qt_6_6_1_macos-Release/periodiCpp_autogen/include/forms/ui_mainmenu.h */ = {isa = PBXBuildFile; fileRef = 41B81155213A4A65968262F4 /* /Users/mustafaozdemir/Qt_project/build-periodiCpp-Qt_6_6_1_macos-Release/periodiCpp_autogen/include/forms/ui_mainmenu.h */; };
		AA9C5C479DAB42C8846AC856 /* /Users/mustafaozdemir/Qt_project/periodiCpp/CMakeLists.txt */ = {isa = PBXBuildFile; fileRef = 924DB2061BD24BBAA722B696 /* /Users/mustafaozdemir/Qt_project/periodiCpp/CMakeLists.txt */; };
		AF8B9B8416334AEEB58D366F /* /Users/mustafaozdemir/Qt_project/periodiCpp/tablesection.cpp */ = {isa = PBXBuildFile; fileRef = 34624A901EB24E3AB99252F2 /* /Users/mustafaozdemir/Qt_project/periodiCpp/tablesection.cpp */; };
		AFC88FC9AFF64873B2D36F56 /* /Users/mustafaozdemir/Qt_project/periodiCpp/periodictable.cpp */ = {isa = PBXBuildFile; fileRef = 2281547E18E24ABE88F8C12D /* /Users/mustafaozdemir/Qt_project/periodiCpp/periodictable.cpp */; };
		AFF578EB01C14B6386707809 /* /Users/mustafaozdemir/Qt_project/build-periodiCpp-Qt_6_6_1_macos-Release/periodiCpp_autogen/include/forms/ui_quizsection.h */ = {isa = PBXBuildFile; fileRef = 4CD587C51B7947C8AF5168CF /* /Users/mustafaozdemir/Qt_project/build-periodiCpp-Qt_6_6_1_macos-Release/periodiCpp_autogen/include/forms/ui_quizsection.h */; };
		B3AB6DEB02464D129D42DEBC /* /Users/mustafaozdemir/Qt_project/periodiCpp/question.cpp */ = {isa = PBXBuildFile; fileRef = FE735AF682804D3385A07DED /* /Users/mustafaozdemir/Qt_project/periodiCpp/question.cpp */; };
		B728D6A4DEF64C6ABB226104 /* /Users/mustafaozdemir/Qt_project/periodiCpp/periodictable.h */ = {isa = PBXBuildFile; fileRef = 6B3A99127CE64CBB9727BE81 /* /Users/mustafaozdemir/Qt_project/periodiCpp/periodictable.h */; };
		B8A84795AC884C7199FE8AA3 /* /Users/mustafaozdemir/Qt_project/build-periodiCpp-Qt_6_6_1_macos-Release/periodiCpp_autogen/include/forms/ui_tablesection.h */ = {isa = PBXBuildFile; fileRef = ADB01BA23E274AD3AC1FF1B9 /* /Users/mustafaozdemir/Qt_project/build-periodiCpp-Qt_6_6_1_macos-Release/periodiCpp_autogen/include/forms/ui_tablesection.h */; };
		D055C3567EF54F75A642290C /* /Users/mustafaozdemir/Qt_project/build-periodiCpp-Qt_6_6_1_macos-Release/periodiCpp_autogen/EWIEGA46WW/qrc_resources.cpp.rule */ = {isa = PBXBuildFile; fileRef = 67FBC0CE2EB04259B33E970B /* /Users/mustafaozdemir/Qt_project/build-periodiCpp-Qt_6_6_1_macos-Release/periodiCpp_autogen/EWIEGA46WW/qrc_resources.cpp.rule */; };
		D9FC7A886F2645A492517DE4 /* /Applications/Xcode.app/Contents/Developer/Platforms/MacOSX.platform/Developer/SDKs/MacOSX14.2.sdk/System/Library/Frameworks/OpenGL.framework */ = {isa = PBXBuildFile; fileRef = B73ADC52D6104D26B46705F3 /* /Applications/Xcode.app/Contents/Developer/Platforms/MacOSX.platform/Developer/SDKs/MacOSX14.2.sdk/System/Library/Frameworks/OpenGL.framework */; };
		DA92751BDBB740F9974FDD7A /* /Users/mustafaozdemir/Qt_project/build-periodiCpp-Qt_6_6_1_macos-Release/periodiCpp_autogen/mocs_compilation.cpp */ = {isa = PBXBuildFile; fileRef = 79C71106217542DC910A5A2E /* /Users/mustafaozdemir/Qt_project/build-periodiCpp-Qt_6_6_1_macos-Release/periodiCpp_autogen/mocs_compilation.cpp */; };
		E4D93BB78A034C8FABCEA080 /* /Applications/Xcode.app/Contents/Developer/Platforms/MacOSX.platform/Developer/SDKs/MacOSX14.2.sdk/System/Library/Frameworks/AGL.framework */ = {isa = PBXBuildFile; fileRef = 6BA2568FC4574F2C9642737E /* /Applications/Xcode.app/Contents/Developer/Platforms/MacOSX.platform/Developer/SDKs/MacOSX14.2.sdk/System/Library/Frameworks/AGL.framework */; };
		E5D6CC11AC06451C916B508D /* /Users/mustafaozdemir/Qt_project/periodiCpp/resources.qrc */ = {isa = PBXBuildFile; fileRef = 87F4F258A61F40D19AC553C2 /* /Users/mustafaozdemir/Qt_project/periodiCpp/resources.qrc */; };
		E6255562C85B4FCAB68C54C7 /* /Users/mustafaozdemir/Qt_project/periodiCpp/element.h */ = {isa = PBXBuildFile; fileRef = EDA010B77EF641AB8ACAAF88 /* /Users/mustafaozdemir/Qt_project/periodiCpp/element.h */; };
		F7D6733081744944BB827119 /* /Users/mustafaozdemir/Qt_project/periodiCpp/forms/elementdialog.ui */ = {isa = PBXBuildFile; fileRef = B25645409AE94E40B057F4D7 /* /Users/mustafaozdemir/Qt_project/periodiCpp/forms/elementdialog.ui */; };
/* End PBXBuildFile section */

/* Begin PBXBuildStyle section */
		2F15D881D3BE4510A5B0190D /* Debug */ = {
			isa = PBXBuildStyle;
			buildSettings = {
				COPY_PHASE_STRIP = NO;
			};
			name = Debug;
		};
		56CEBC6023B540D2B2903799 /* MinSizeRel */ = {
			isa = PBXBuildStyle;
			buildSettings = {
				COPY_PHASE_STRIP = NO;
			};
			name = MinSizeRel;
		};
		9F511FA5250648469AE1102F /* RelWithDebInfo */ = {
			isa = PBXBuildStyle;
			buildSettings = {
				COPY_PHASE_STRIP = NO;
			};
			name = RelWithDebInfo;
		};
		D44F3B9A09F64233A1BCF4D3 /* Release */ = {
			isa = PBXBuildStyle;
			buildSettings = {
				COPY_PHASE_STRIP = NO;
			};
			name = Release;
		};
/* End PBXBuildStyle section */

/* Begin PBXContainerItemProxy section */
		184E9179B1B44EDFAE3A697D /* PBXContainerItemProxy */ = {
			isa = PBXContainerItemProxy;
			containerPortal = 8F9E63690F9D4A5FBEE73337 /* Project object */;
			proxyType = 1;
			remoteGlobalIDString = 97A39EEC67D440EA9CF1EDA1;
			remoteInfo = ZERO_CHECK;
		};
		285E578C43E04A6696C40A6F /* PBXContainerItemProxy */ = {
			isa = PBXContainerItemProxy;
			containerPortal = 8F9E63690F9D4A5FBEE73337 /* Project object */;
			proxyType = 1;
			remoteGlobalIDString = 97A39EEC67D440EA9CF1EDA1;
			remoteInfo = ZERO_CHECK;
		};
		70C85B076D50430DB83F3DF4 /* PBXContainerItemProxy */ = {
			isa = PBXContainerItemProxy;
			containerPortal = 8F9E63690F9D4A5FBEE73337 /* Project object */;
			proxyType = 1;
			remoteGlobalIDString = 97A39EEC67D440EA9CF1EDA1;
			remoteInfo = ZERO_CHECK;
		};
		90BF3D0C5A25467DB6765554 /* PBXContainerItemProxy */ = {
			isa = PBXContainerItemProxy;
			containerPortal = 8F9E63690F9D4A5FBEE73337 /* Project object */;
			proxyType = 1;
			remoteGlobalIDString = BF2FB25D5E4A4C25B33C0996;
			remoteInfo = ALL_BUILD;
		};
		B82FC78890D8429BA0B72702 /* PBXContainerItemProxy */ = {
			isa = PBXContainerItemProxy;
			containerPortal = 8F9E63690F9D4A5FBEE73337 /* Project object */;
			proxyType = 1;
			remoteGlobalIDString = CB5A0C41C84E40048E425A33;
			remoteInfo = periodiCpp;
		};
		F3E6508FB50A49159A0650AC /* PBXContainerItemProxy */ = {
			isa = PBXContainerItemProxy;
			containerPortal = 8F9E63690F9D4A5FBEE73337 /* Project object */;
			proxyType = 1;
			remoteGlobalIDString = E87AA582F6064FAE91ADA925;
			remoteInfo = periodiCpp_autogen;
		};
/* End PBXContainerItemProxy section */

/* Begin PBXFileReference section */
		00B1FBE648F946C5A6DEB6CE /* /Users/mustafaozdemir/Qt_project/periodiCpp/forms/tablesection.ui */ = {isa = PBXFileReference; explicitFileType = sourcecode; fileEncoding = 4; name = tablesection.ui; path = forms/tablesection.ui; sourceTree = SOURCE_ROOT; };
		032F1E1F600C42B2B5D7BED6 /* /Users/mustafaozdemir/Qt_project/build-periodiCpp-Qt_6_6_1_macos-Release/CMakeFiles/periodiCpp.dir/Info.plist */ = {isa = PBXFileReference; explicitFileType = sourcecode.text.plist; fileEncoding = 4; name = Info.plist; path = "/Users/mustafaozdemir/Qt_project/build-periodiCpp-Qt_6_6_1_macos-Release/CMakeFiles/periodiCpp.dir/Info.plist"; sourceTree = "<absolute>"; };
		0C2713CBD95D44A6A7F2FDAA /* /Users/mustafaozdemir/Qt_project/periodiCpp/elementdialog.h */ = {isa = PBXFileReference; explicitFileType = sourcecode.c.h; fileEncoding = 4; name = elementdialog.h; path = elementdialog.h; sourceTree = SOURCE_ROOT; };
		14DCF082C1A746088CA8198C /* periodiCpp */ = {isa = PBXFileReference; explicitFileType = "compiled.mach-o.executable"; path = periodiCpp; sourceTree = BUILT_PRODUCTS_DIR; };
		1AF8DD786B424E3B8D55462E /* /Users/mustafaozdemir/Qt_project/periodiCpp/mainmenu.cpp */ = {isa = PBXFileReference; explicitFileType = sourcecode.cpp.cpp; fileEncoding = 4; name = mainmenu.cpp; path = mainmenu.cpp; sourceTree = SOURCE_ROOT; };
		1F996CA086FD49B9A4BD462A /* /Users/mustafaozdemir/Qt_project/periodiCpp/question.h */ = {isa = PBXFileReference; explicitFileType = sourcecode.c.h; fileEncoding = 4; name = question.h; path = question.h; sourceTree = SOURCE_ROOT; };
		2281547E18E24ABE88F8C12D /* /Users/mustafaozdemir/Qt_project/periodiCpp/periodictable.cpp */ = {isa = PBXFileReference; explicitFileType = sourcecode.cpp.cpp; fileEncoding = 4; name = periodictable.cpp; path = periodictable.cpp; sourceTree = SOURCE_ROOT; };
		2672AF2868A14873B4502CAC /* /Users/mustafaozdemir/Qt_project/periodiCpp/level.cpp */ = {isa = PBXFileReference; explicitFileType = sourcecode.cpp.cpp; fileEncoding = 4; name = level.cpp; path = level.cpp; sourceTree = SOURCE_ROOT; };
		2C15A85E6AD145CEAC665AEF /* /Users/mustafaozdemir/Qt_project/periodiCpp/tablesection.h */ = {isa = PBXFileReference; explicitFileType = sourcecode.c.h; fileEncoding = 4; name = tablesection.h; path = tablesection.h; sourceTree = SOURCE_ROOT; };
		34624A901EB24E3AB99252F2 /* /Users/mustafaozdemir/Qt_project/periodiCpp/tablesection.cpp */ = {isa = PBXFileReference; explicitFileType = sourcecode.cpp.cpp; fileEncoding = 4; name = tablesection.cpp; path = tablesection.cpp; sourceTree = SOURCE_ROOT; };
		41B81155213A4A65968262F4 /* /Users/mustafaozdemir/Qt_project/build-periodiCpp-Qt_6_6_1_macos-Release/periodiCpp_autogen/include/forms/ui_mainmenu.h */ = {isa = PBXFileReference; explicitFileType = sourcecode.c.h; fileEncoding = 4; name = ui_mainmenu.h; path = "/Users/mustafaozdemir/Qt_project/build-periodiCpp-Qt_6_6_1_macos-Release/periodiCpp_autogen/include/forms/ui_mainmenu.h"; sourceTree = "<absolute>"; };
		4949BC4EC4C645819C9E1F85 /* /Users/mustafaozdemir/Qt_project/periodiCpp/CMakeLists.txt */ = {isa = PBXFileReference; explicitFileType = sourcecode.text; fileEncoding = 4; name = CMakeLists.txt; path = CMakeLists.txt; sourceTree = SOURCE_ROOT; };
		49917BC0859C4F3C8E1A397A /* /Users/mustafaozdemir/Qt_project/periodiCpp/challenge.cpp */ = {isa = PBXFileReference; explicitFileType = sourcecode.cpp.cpp; fileEncoding = 4; name = challenge.cpp; path = challenge.cpp; sourceTree = SOURCE_ROOT; };
		49BC2F6BCEA24985AB0BDF2D /* /Users/mustafaozdemir/Qt_project/periodiCpp/challenge.h */ = {isa = PBXFileReference; explicitFileType = sourcecode.c.h; fileEncoding = 4; name = challenge.h; path = challenge.h; sourceTree = SOURCE_ROOT; };
		4CD587C51B7947C8AF5168CF /* /Users/mustafaozdemir/Qt_project/build-periodiCpp-Qt_6_6_1_macos-Release/periodiCpp_autogen/include/forms/ui_quizsection.h */ = {isa = PBXFileReference; explicitFileType = sourcecode.c.h; fileEncoding = 4; name = ui_quizsection.h; path = "/Users/mustafaozdemir/Qt_project/build-periodiCpp-Qt_6_6_1_macos-Release/periodiCpp_autogen/include/forms/ui_quizsection.h"; sourceTree = "<absolute>"; };
		52691C940C0D4B43AE8EE3A1 /* /Users/mustafaozdemir/Qt_project/periodiCpp/dialoghandler.h */ = {isa = PBXFileReference; explicitFileType = sourcecode.c.h; fileEncoding = 4; name = dialoghandler.h; path = dialoghandler.h; sourceTree = SOURCE_ROOT; };
		538ABE8D292B4CFBAB5C1CDE /* /Users/mustafaozdemir/Qt_project/periodiCpp/scoremanager.h */ = {isa = PBXFileReference; explicitFileType = sourcecode.c.h; fileEncoding = 4; name = scoremanager.h; path = scoremanager.h; sourceTree = SOURCE_ROOT; };
		55757DAD050B4B42B4109665 /* /Users/mustafaozdemir/Qt_project/periodiCpp/scoremanager.cpp */ = {isa = PBXFileReference; explicitFileType = sourcecode.cpp.cpp; fileEncoding = 4; name = scoremanager.cpp; path = scoremanager.cpp; sourceTree = SOURCE_ROOT; };
		576D728DAE874323A713BA98 /* /Users/mustafaozdemir/Qt_project/periodiCpp/forms/quizsection.ui */ = {isa = PBXFileReference; explicitFileType = sourcecode; fileEncoding = 4; name = quizsection.ui; path = forms/quizsection.ui; sourceTree = SOURCE_ROOT; };
		67FBC0CE2EB04259B33E970B /* /Users/mustafaozdemir/Qt_project/build-periodiCpp-Qt_6_6_1_macos-Release/periodiCpp_autogen/EWIEGA46WW/qrc_resources.cpp.rule */ = {isa = PBXFileReference; explicitFileType = sourcecode; fileEncoding = 4; name = qrc_resources.cpp.rule; path = "/Users/mustafaozdemir/Qt_project/build-periodiCpp-Qt_6_6_1_macos-Release/periodiCpp_autogen/EWIEGA46WW/qrc_resources.cpp.rule"; sourceTree = "<absolute>"; };
		6B3A99127CE64CBB9727BE81 /* /Users/mustafaozdemir/Qt_project/periodiCpp/periodictable.h */ = {isa = PBXFileReference; explicitFileType = sourcecode.c.h; fileEncoding = 4; name = periodictable.h; path = periodictable.h; sourceTree = SOURCE_ROOT; };
		6BA2568FC4574F2C9642737E /* /Applications/Xcode.app/Contents/Developer/Platforms/MacOSX.platform/Developer/SDKs/MacOSX14.2.sdk/System/Library/Frameworks/AGL.framework */ = {isa = PBXFileReference; fileEncoding = 4; lastKnownFileType = wrapper.framework; name = AGL.framework; path = /Applications/Xcode.app/Contents/Developer/Platforms/MacOSX.platform/Developer/SDKs/MacOSX14.2.sdk/System/Library/Frameworks/AGL.framework; sourceTree = "<absolute>"; };
		6F6866FE959B4B14A91C328D /* /Users/mustafaozdemir/Qt_project/periodiCpp/elementdialog.cpp */ = {isa = PBXFileReference; explicitFileType = sourcecode.cpp.cpp; fileEncoding = 4; name = elementdialog.cpp; path = elementdialog.cpp; sourceTree = SOURCE_ROOT; };
		71B9A7E35CF047C2B373BC45 /* /Users/mustafaozdemir/Qt_project/periodiCpp/mainmenu.h */ = {isa = PBXFileReference; explicitFileType = sourcecode.c.h; fileEncoding = 4; name = mainmenu.h; path = mainmenu.h; sourceTree = SOURCE_ROOT; };
		73B389DC078A4AB4942ADBEA /* /Users/mustafaozdemir/Qt_project/periodiCpp/questiondialog.cpp */ = {isa = PBXFileReference; explicitFileType = sourcecode.cpp.cpp; fileEncoding = 4; name = questiondialog.cpp; path = questiondialog.cpp; sourceTree = SOURCE_ROOT; };
		77EAAA91341F4CB3B938460B /* /Users/mustafaozdemir/Qt_project/build-periodiCpp-Qt_6_6_1_macos-Release/periodiCpp_autogen/include/forms/ui_elementdialog.h */ = {isa = PBXFileReference; explicitFileType = sourcecode.c.h; fileEncoding = 4; name = ui_elementdialog.h; path = "/Users/mustafaozdemir/Qt_project/build-periodiCpp-Qt_6_6_1_macos-Release/periodiCpp_autogen/include/forms/ui_elementdialog.h"; sourceTree = "<absolute>"; };
		79C71106217542DC910A5A2E /* /Users/mustafaozdemir/Qt_project/build-periodiCpp-Qt_6_6_1_macos-Release/periodiCpp_autogen/mocs_compilation.cpp */ = {isa = PBXFileReference; explicitFileType = sourcecode.cpp.cpp; fileEncoding = 4; name = mocs_compilation.cpp; path = "/Users/mustafaozdemir/Qt_project/build-periodiCpp-Qt_6_6_1_macos-Release/periodiCpp_autogen/mocs_compilation.cpp"; sourceTree = "<absolute>"; };
		80EC571B8A544772B33CE55C /* /Users/mustafaozdemir/Qt_project/periodiCpp/quizsection.h */ = {isa = PBXFileReference; explicitFileType = sourcecode.c.h; fileEncoding = 4; name = quizsection.h; path = quizsection.h; sourceTree = SOURCE_ROOT; };
		8321F62510F44DE6BEDBD7E4 /* /Users/mustafaozdemir/Qt_project/periodiCpp/level.h */ = {isa = PBXFileReference; explicitFileType = sourcecode.c.h; fileEncoding = 4; name = level.h; path = level.h; sourceTree = SOURCE_ROOT; };
		8445EC44E83F4EC78A06CA5E /* /Users/mustafaozdemir/Qt/6.6.1/macos/lib/QtGui.framework */ = {isa = PBXFileReference; fileEncoding = 4; lastKnownFileType = wrapper.framework; name = QtGui.framework; path = /Users/mustafaozdemir/Qt/6.6.1/macos/lib/QtGui.framework; sourceTree = "<absolute>"; };
		87F4F258A61F40D19AC553C2 /* /Users/mustafaozdemir/Qt_project/periodiCpp/resources.qrc */ = {isa = PBXFileReference; explicitFileType = sourcecode; fileEncoding = 4; name = resources.qrc; path = resources.qrc; sourceTree = SOURCE_ROOT; };
		924DB2061BD24BBAA722B696 /* /Users/mustafaozdemir/Qt_project/periodiCpp/CMakeLists.txt */ = {isa = PBXFileReference; explicitFileType = sourcecode.text; fileEncoding = 4; name = CMakeLists.txt; path = CMakeLists.txt; sourceTree = SOURCE_ROOT; };
		9B08D731558C4C5D8AE4BF31 /* /Users/mustafaozdemir/Qt/6.6.1/macos/lib/QtWidgets.framework */ = {isa = PBXFileReference; fileEncoding = 4; lastKnownFileType = wrapper.framework; name = QtWidgets.framework; path = /Users/mustafaozdemir/Qt/6.6.1/macos/lib/QtWidgets.framework; sourceTree = "<absolute>"; };
		9D2AF47062C94972B250307B /* /Users/mustafaozdemir/Qt_project/periodiCpp/quizsection.cpp */ = {isa = PBXFileReference; explicitFileType = sourcecode.cpp.cpp; fileEncoding = 4; name = quizsection.cpp; path = quizsection.cpp; sourceTree = SOURCE_ROOT; };
		ADB01BA23E274AD3AC1FF1B9 /* /Users/mustafaozdemir/Qt_project/build-periodiCpp-Qt_6_6_1_macos-Release/periodiCpp_autogen/include/forms/ui_tablesection.h */ = {isa = PBXFileReference; explicitFileType = sourcecode.c.h; fileEncoding = 4; name = ui_tablesection.h; path = "/Users/mustafaozdemir/Qt_project/build-periodiCpp-Qt_6_6_1_macos-Release/periodiCpp_autogen/include/forms/ui_tablesection.h"; sourceTree = "<absolute>"; };
		B092C10F1CF2437899E227B5 /* /Users/mustafaozdemir/Qt/6.6.1/macos/lib/QtCore.framework */ = {isa = PBXFileReference; fileEncoding = 4; lastKnownFileType = wrapper.framework; name = QtCore.framework; path = /Users/mustafaozdemir/Qt/6.6.1/macos/lib/QtCore.framework; sourceTree = "<absolute>"; };
		B25645409AE94E40B057F4D7 /* /Users/mustafaozdemir/Qt_project/periodiCpp/forms/elementdialog.ui */ = {isa = PBXFileReference; explicitFileType = sourcecode; fileEncoding = 4; name = elementdialog.ui; path = forms/elementdialog.ui; sourceTree = SOURCE_ROOT; };
		B73ADC52D6104D26B46705F3 /* /Applications/Xcode.app/Contents/Developer/Platforms/MacOSX.platform/Developer/SDKs/MacOSX14.2.sdk/System/Library/Frameworks/OpenGL.framework */ = {isa = PBXFileReference; fileEncoding = 4; lastKnownFileType = wrapper.framework; name = OpenGL.framework; path = /Applications/Xcode.app/Contents/Developer/Platforms/MacOSX.platform/Developer/SDKs/MacOSX14.2.sdk/System/Library/Frameworks/OpenGL.framework; sourceTree = "<absolute>"; };
		B869C51C202949CBB7B8E111 /* /Users/mustafaozdemir/Qt_project/periodiCpp/CMakeLists.txt */ = {isa = PBXFileReference; explicitFileType = sourcecode.text; fileEncoding = 4; name = CMakeLists.txt; path = CMakeLists.txt; sourceTree = SOURCE_ROOT; };
		D0018D89243B421EBB961696 /* /Users/mustafaozdemir/Qt_project/periodiCpp/forms/mainmenu.ui */ = {isa = PBXFileReference; explicitFileType = sourcecode; fileEncoding = 4; name = mainmenu.ui; path = forms/mainmenu.ui; sourceTree = SOURCE_ROOT; };
		D2571C437598469B91834AB5 /* /Users/mustafaozdemir/Qt_project/periodiCpp/main.cpp */ = {isa = PBXFileReference; explicitFileType = sourcecode.cpp.cpp; fileEncoding = 4; name = main.cpp; path = main.cpp; sourceTree = SOURCE_ROOT; };
		E9BE7A701EB9458AB211DDBF /* /Users/mustafaozdemir/Qt_project/build-periodiCpp-Qt_6_6_1_macos-Release/periodiCpp_autogen/EWIEGA46WW/qrc_resources.cpp */ = {isa = PBXFileReference; explicitFileType = sourcecode.cpp.cpp; fileEncoding = 4; name = qrc_resources.cpp; path = "/Users/mustafaozdemir/Qt_project/build-periodiCpp-Qt_6_6_1_macos-Release/periodiCpp_autogen/EWIEGA46WW/qrc_resources.cpp"; sourceTree = "<absolute>"; };
		EBAF1AAB9ADA42EEA9F42B2F /* /Users/mustafaozdemir/Qt_project/periodiCpp/questiondialog.h */ = {isa = PBXFileReference; explicitFileType = sourcecode.c.h; fileEncoding = 4; name = questiondialog.h; path = questiondialog.h; sourceTree = SOURCE_ROOT; };
		EDA010B77EF641AB8ACAAF88 /* /Users/mustafaozdemir/Qt_project/periodiCpp/element.h */ = {isa = PBXFileReference; explicitFileType = sourcecode.c.h; fileEncoding = 4; name = element.h; path = element.h; sourceTree = SOURCE_ROOT; };
		F162605C3E2248CC9BEA2AA9 /* /Users/mustafaozdemir/Qt_project/periodiCpp/element.cpp */ = {isa = PBXFileReference; explicitFileType = sourcecode.cpp.cpp; fileEncoding = 4; name = element.cpp; path = element.cpp; sourceTree = SOURCE_ROOT; };
		FE735AF682804D3385A07DED /* /Users/mustafaozdemir/Qt_project/periodiCpp/question.cpp */ = {isa = PBXFileReference; explicitFileType = sourcecode.cpp.cpp; fileEncoding = 4; name = question.cpp; path = question.cpp; sourceTree = SOURCE_ROOT; };
/* End PBXFileReference section */

/* Begin PBXFrameworksBuildPhase section */
		DBD7389DAA994754857446A7 /* Frameworks */ = {
			isa = PBXFrameworksBuildPhase;
			buildActionMask = 2147483647;
			files = (
			);
			runOnlyForDeploymentPostprocessing = 0;
		};
/* End PBXFrameworksBuildPhase section */

/* Begin PBXGroup section */
		08B9A67510FC4D70AF9B3E0C /* CMake Rules */ = {
			isa = PBXGroup;
			children = (
			);
			name = "CMake Rules";
			sourceTree = "<group>";
		};
		0C0CABF5CC3F4599AE88276C /* CMake Rules */ = {
			isa = PBXGroup;
			children = (
			);
			name = "CMake Rules";
			sourceTree = "<group>";
		};
		5552C091BA2B43F08342C8E8 /* Resources */ = {
			isa = PBXGroup;
			children = (
				032F1E1F600C42B2B5D7BED6 /* /Users/mustafaozdemir/Qt_project/build-periodiCpp-Qt_6_6_1_macos-Release/CMakeFiles/periodiCpp.dir/Info.plist */,
			);
			name = Resources;
			sourceTree = "<group>";
		};
		6089FDB550024A38A5914FDA /* Products */ = {
			isa = PBXGroup;
			children = (
				14DCF082C1A746088CA8198C /* periodiCpp */,
			);
			name = Products;
			sourceTree = "<group>";
		};
		83564BA5206E4C4680E8C951 = {
			isa = PBXGroup;
			children = (
				B06F7AF3664447A7A5317FC2 /* periodiCpp */,
				BB381ADC1FAE492A86825104 /* periodiCpp_autogen */,
				B4A6F27D66C24413AA707927 /* ALL_BUILD */,
				6089FDB550024A38A5914FDA /* Products */,
				BB5E624125BE4D38831F877D /* Frameworks */,
			);
			sourceTree = "<group>";
		};
		B06F7AF3664447A7A5317FC2 /* periodiCpp */ = {
			isa = PBXGroup;
			children = (
				CE74D400AB84472C99B900DD /* Source Files */,
				FC884692668D454FB87A78E6 /* Header Files */,
				F9BC7E8AD83941E988AB4F10 /* CMake Rules */,
				5552C091BA2B43F08342C8E8 /* Resources */,
				924DB2061BD24BBAA722B696 /* /Users/mustafaozdemir/Qt_project/periodiCpp/CMakeLists.txt */,
				B25645409AE94E40B057F4D7 /* /Users/mustafaozdemir/Qt_project/periodiCpp/forms/elementdialog.ui */,
				D0018D89243B421EBB961696 /* /Users/mustafaozdemir/Qt_project/periodiCpp/forms/mainmenu.ui */,
				576D728DAE874323A713BA98 /* /Users/mustafaozdemir/Qt_project/periodiCpp/forms/quizsection.ui */,
				00B1FBE648F946C5A6DEB6CE /* /Users/mustafaozdemir/Qt_project/periodiCpp/forms/tablesection.ui */,
				87F4F258A61F40D19AC553C2 /* /Users/mustafaozdemir/Qt_project/periodiCpp/resources.qrc */,
			);
			name = periodiCpp;
			sourceTree = "<group>";
		};
		B4A6F27D66C24413AA707927 /* ALL_BUILD */ = {
			isa = PBXGroup;
			children = (
				08B9A67510FC4D70AF9B3E0C /* CMake Rules */,
				4949BC4EC4C645819C9E1F85 /* /Users/mustafaozdemir/Qt_project/periodiCpp/CMakeLists.txt */,
			);
			name = ALL_BUILD;
			sourceTree = "<group>";
		};
		BB381ADC1FAE492A86825104 /* periodiCpp_autogen */ = {
			isa = PBXGroup;
			children = (
				0C0CABF5CC3F4599AE88276C /* CMake Rules */,
				B869C51C202949CBB7B8E111 /* /Users/mustafaozdemir/Qt_project/periodiCpp/CMakeLists.txt */,
			);
			name = periodiCpp_autogen;
			sourceTree = "<group>";
		};
		BB5E624125BE4D38831F877D /* Frameworks */ = {
			isa = PBXGroup;
			children = (
				9B08D731558C4C5D8AE4BF31 /* /Users/mustafaozdemir/Qt/6.6.1/macos/lib/QtWidgets.framework */,
				8445EC44E83F4EC78A06CA5E /* /Users/mustafaozdemir/Qt/6.6.1/macos/lib/QtGui.framework */,
				B092C10F1CF2437899E227B5 /* /Users/mustafaozdemir/Qt/6.6.1/macos/lib/QtCore.framework */,
				B73ADC52D6104D26B46705F3 /* /Applications/Xcode.app/Contents/Developer/Platforms/MacOSX.platform/Developer/SDKs/MacOSX14.2.sdk/System/Library/Frameworks/OpenGL.framework */,
				6BA2568FC4574F2C9642737E /* /Applications/Xcode.app/Contents/Developer/Platforms/MacOSX.platform/Developer/SDKs/MacOSX14.2.sdk/System/Library/Frameworks/AGL.framework */,
			);
			name = Frameworks;
			sourceTree = "<group>";
		};
		CE74D400AB84472C99B900DD /* Source Files */ = {
			isa = PBXGroup;
			children = (
				E9BE7A701EB9458AB211DDBF /* /Users/mustafaozdemir/Qt_project/build-periodiCpp-Qt_6_6_1_macos-Release/periodiCpp_autogen/EWIEGA46WW/qrc_resources.cpp */,
				79C71106217542DC910A5A2E /* /Users/mustafaozdemir/Qt_project/build-periodiCpp-Qt_6_6_1_macos-Release/periodiCpp_autogen/mocs_compilation.cpp */,
				49917BC0859C4F3C8E1A397A /* /Users/mustafaozdemir/Qt_project/periodiCpp/challenge.cpp */,
				F162605C3E2248CC9BEA2AA9 /* /Users/mustafaozdemir/Qt_project/periodiCpp/element.cpp */,
				6F6866FE959B4B14A91C328D /* /Users/mustafaozdemir/Qt_project/periodiCpp/elementdialog.cpp */,
				2672AF2868A14873B4502CAC /* /Users/mustafaozdemir/Qt_project/periodiCpp/level.cpp */,
				D2571C437598469B91834AB5 /* /Users/mustafaozdemir/Qt_project/periodiCpp/main.cpp */,
				1AF8DD786B424E3B8D55462E /* /Users/mustafaozdemir/Qt_project/periodiCpp/mainmenu.cpp */,
				2281547E18E24ABE88F8C12D /* /Users/mustafaozdemir/Qt_project/periodiCpp/periodictable.cpp */,
				FE735AF682804D3385A07DED /* /Users/mustafaozdemir/Qt_project/periodiCpp/question.cpp */,
				73B389DC078A4AB4942ADBEA /* /Users/mustafaozdemir/Qt_project/periodiCpp/questiondialog.cpp */,
				9D2AF47062C94972B250307B /* /Users/mustafaozdemir/Qt_project/periodiCpp/quizsection.cpp */,
				55757DAD050B4B42B4109665 /* /Users/mustafaozdemir/Qt_project/periodiCpp/scoremanager.cpp */,
				34624A901EB24E3AB99252F2 /* /Users/mustafaozdemir/Qt_project/periodiCpp/tablesection.cpp */,
			);
			name = "Source Files";
			sourceTree = "<group>";
		};
		F9BC7E8AD83941E988AB4F10 /* CMake Rules */ = {
			isa = PBXGroup;
			children = (
				67FBC0CE2EB04259B33E970B /* /Users/mustafaozdemir/Qt_project/build-periodiCpp-Qt_6_6_1_macos-Release/periodiCpp_autogen/EWIEGA46WW/qrc_resources.cpp.rule */,
			);
			name = "CMake Rules";
			sourceTree = "<group>";
		};
		FC884692668D454FB87A78E6 /* Header Files */ = {
			isa = PBXGroup;
			children = (
				77EAAA91341F4CB3B938460B /* /Users/mustafaozdemir/Qt_project/build-periodiCpp-Qt_6_6_1_macos-Release/periodiCpp_autogen/include/forms/ui_elementdialog.h */,
				41B81155213A4A65968262F4 /* /Users/mustafaozdemir/Qt_project/build-periodiCpp-Qt_6_6_1_macos-Release/periodiCpp_autogen/include/forms/ui_mainmenu.h */,
				4CD587C51B7947C8AF5168CF /* /Users/mustafaozdemir/Qt_project/build-periodiCpp-Qt_6_6_1_macos-Release/periodiCpp_autogen/include/forms/ui_quizsection.h */,
				ADB01BA23E274AD3AC1FF1B9 /* /Users/mustafaozdemir/Qt_project/build-periodiCpp-Qt_6_6_1_macos-Release/periodiCpp_autogen/include/forms/ui_tablesection.h */,
				49BC2F6BCEA24985AB0BDF2D /* /Users/mustafaozdemir/Qt_project/periodiCpp/challenge.h */,
				52691C940C0D4B43AE8EE3A1 /* /Users/mustafaozdemir/Qt_project/periodiCpp/dialoghandler.h */,
				EDA010B77EF641AB8ACAAF88 /* /Users/mustafaozdemir/Qt_project/periodiCpp/element.h */,
				0C2713CBD95D44A6A7F2FDAA /* /Users/mustafaozdemir/Qt_project/periodiCpp/elementdialog.h */,
				8321F62510F44DE6BEDBD7E4 /* /Users/mustafaozdemir/Qt_project/periodiCpp/level.h */,
				71B9A7E35CF047C2B373BC45 /* /Users/mustafaozdemir/Qt_project/periodiCpp/mainmenu.h */,
				6B3A99127CE64CBB9727BE81 /* /Users/mustafaozdemir/Qt_project/periodiCpp/periodictable.h */,
				1F996CA086FD49B9A4BD462A /* /Users/mustafaozdemir/Qt_project/periodiCpp/question.h */,
				EBAF1AAB9ADA42EEA9F42B2F /* /Users/mustafaozdemir/Qt_project/periodiCpp/questiondialog.h */,
				80EC571B8A544772B33CE55C /* /Users/mustafaozdemir/Qt_project/periodiCpp/quizsection.h */,
				538ABE8D292B4CFBAB5C1CDE /* /Users/mustafaozdemir/Qt_project/periodiCpp/scoremanager.h */,
				2C15A85E6AD145CEAC665AEF /* /Users/mustafaozdemir/Qt_project/periodiCpp/tablesection.h */,
			);
			name = "Header Files";
			sourceTree = "<group>";
		};
/* End PBXGroup section */

/* Begin PBXNativeTarget section */
		CB5A0C41C84E40048E425A33 /* periodiCpp */ = {
			isa = PBXNativeTarget;
			buildConfigurationList = 8FE2CED1BADC410E9309E4B1 /* Build configuration list for PBXNativeTarget "periodiCpp" */;
			buildPhases = (
				5E7AB470CBC6BEB47ECA2E8D /* Generate periodiCpp_autogen/EWIEGA46WW/qrc_resources.cpp */,
				D9DF7B190754464898869AEA /* Sources */,
				DBD7389DAA994754857446A7 /* Frameworks */,
			);
			buildRules = (
			);
			dependencies = (
				5E97CF3710D84E7E9248875F /* PBXTargetDependency */,
				C05A2E7DF7314B36BC6037D4 /* PBXTargetDependency */,
			);
			name = periodiCpp;
			productName = periodiCpp;
			productReference = 14DCF082C1A746088CA8198C /* periodiCpp */;
			productType = "com.apple.product-type.application";
		};
/* End PBXNativeTarget section */

/* Begin PBXProject section */
		8F9E63690F9D4A5FBEE73337 /* Project object */ = {
			isa = PBXProject;
			attributes = {
				BuildIndependentTargetsInParallel = YES;
				LastUpgradeCheck = 1510;
			};
			buildConfigurationList = F53E40D7A9CD4E8988A28775 /* Build configuration list for PBXProject "periodiCpp" */;
			buildSettings = {
			};
			buildStyles = (
				2F15D881D3BE4510A5B0190D /* Debug */,
				D44F3B9A09F64233A1BCF4D3 /* Release */,
				56CEBC6023B540D2B2903799 /* MinSizeRel */,
				9F511FA5250648469AE1102F /* RelWithDebInfo */,
			);
			compatibilityVersion = "Xcode 3.2";
			hasScannedForEncodings = 0;
			mainGroup = 83564BA5206E4C4680E8C951;
			projectDirPath = /Users/mustafaozdemir/Qt_project/periodiCpp;
			projectRoot = "";
			targets = (
				BF2FB25D5E4A4C25B33C0996 /* ALL_BUILD */,
				97A39EEC67D440EA9CF1EDA1 /* ZERO_CHECK */,
				A769B68414414BA29BCC785D /* install */,
				CB5A0C41C84E40048E425A33 /* periodiCpp */,
				E87AA582F6064FAE91ADA925 /* periodiCpp_autogen */,
			);
		};
/* End PBXProject section */

/* Begin PBXShellScriptBuildPhase section */
		05E3D6F846CA479EE7A0CD2B /* Generate CMakeFiles/periodiCpp_autogen */ = {
			isa = PBXShellScriptBuildPhase;
			alwaysOutOfDate = 1;
			buildActionMask = 2147483647;
			files = (
			);
			inputPaths = (
			);
			name = "Generate CMakeFiles/periodiCpp_autogen";
			outputPaths = (
"/Users/mustafaozdemir/Qt_project/build-periodiCpp-Qt_6_6_1_macos-Release/CMakeFiles/periodiCpp_autogen","/Users/mustafaozdemir/Qt_project/build-periodiCpp-Qt_6_6_1_macos-Release/periodiCpp_autogen/include_Debug/forms/ui_elementdialog.h","/Users/mustafaozdemir/Qt_project/build-periodiCpp-Qt_6_6_1_macos-Release/periodiCpp_autogen/include_Debug/forms/ui_mainmenu.h","/Users/mustafaozdemir/Qt_project/build-periodiCpp-Qt_6_6_1_macos-Release/periodiCpp_autogen/include_Debug/forms/ui_quizsection.h","/Users/mustafaozdemir/Qt_project/build-periodiCpp-Qt_6_6_1_macos-Release/periodiCpp_autogen/include_Debug/forms/ui_tablesection.h","/Users/mustafaozdemir/Qt_project/build-periodiCpp-Qt_6_6_1_macos-Release/periodiCpp_autogen/include_MinSizeRel/forms/ui_elementdialog.h","/Users/mustafaozdemir/Qt_project/build-periodiCpp-Qt_6_6_1_macos-Release/periodiCpp_autogen/include_MinSizeRel/forms/ui_mainmenu.h","/Users/mustafaozdemir/Qt_project/build-periodiCpp-Qt_6_6_1_macos-Release/periodiCpp_autogen/include_MinSizeRel/forms/ui_quizsection.h","/Users/mustafaozdemir/Qt_project/build-periodiCpp-Qt_6_6_1_macos-Release/periodiCpp_autogen/include_MinSizeRel/forms/ui_tablesection.h","/Users/mustafaozdemir/Qt_project/build-periodiCpp-Qt_6_6_1_macos-Release/periodiCpp_autogen/include_RelWithDebInfo/forms/ui_elementdialog.h","/Users/mustafaozdemir/Qt_project/build-periodiCpp-Qt_6_6_1_macos-Release/periodiCpp_autogen/include_RelWithDebInfo/forms/ui_mainmenu.h","/Users/mustafaozdemir/Qt_project/build-periodiCpp-Qt_6_6_1_macos-Release/periodiCpp_autogen/include_RelWithDebInfo/forms/ui_quizsection.h","/Users/mustafaozdemir/Qt_project/build-periodiCpp-Qt_6_6_1_macos-Release/periodiCpp_autogen/include_RelWithDebInfo/forms/ui_tablesection.h","/Users/mustafaozdemir/Qt_project/build-periodiCpp-Qt_6_6_1_macos-Release/periodiCpp_autogen/include_Release/forms/ui_elementdialog.h","/Users/mustafaozdemir/Qt_project/build-periodiCpp-Qt_6_6_1_macos-Release/periodiCpp_autogen/include_Release/forms/ui_mainmenu.h","/Users/mustafaozdemir/Qt_project/build-periodiCpp-Qt_6_6_1_macos-Release/periodiCpp_autogen/include_Release/forms/ui_quizsection.h","/Users/mustafaozdemir/Qt_project/build-periodiCpp-Qt_6_6_1_macos-Release/periodiCpp_autogen/include_Release/forms/ui_tablesection.h","/Users/mustafaozdemir/Qt_project/build-periodiCpp-Qt_6_6_1_macos-Release/periodiCpp_autogen/mocs_compilation.cpp"			);
			runOnlyForDeploymentPostprocessing = 0;
			shellPath = /bin/sh;
			shellScript = "set -e
if test \"$CONFIGURATION\" = \"Debug\"; then :
  cd /Users/mustafaozdemir/Qt_project/build-periodiCpp-Qt_6_6_1_macos-Release
  /Users/mustafaozdemir/Qt/Tools/CMake/CMake.app/Contents/bin/cmake -E cmake_autogen /Users/mustafaozdemir/Qt_project/build-periodiCpp-Qt_6_6_1_macos-Release/CMakeFiles/periodiCpp_autogen.dir/AutogenInfo.json Debug
fi
if test \"$CONFIGURATION\" = \"Release\"; then :
  cd /Users/mustafaozdemir/Qt_project/build-periodiCpp-Qt_6_6_1_macos-Release
  /Users/mustafaozdemir/Qt/Tools/CMake/CMake.app/Contents/bin/cmake -E cmake_autogen /Users/mustafaozdemir/Qt_project/build-periodiCpp-Qt_6_6_1_macos-Release/CMakeFiles/periodiCpp_autogen.dir/AutogenInfo.json Release
fi
if test \"$CONFIGURATION\" = \"MinSizeRel\"; then :
  cd /Users/mustafaozdemir/Qt_project/build-periodiCpp-Qt_6_6_1_macos-Release
  /Users/mustafaozdemir/Qt/Tools/CMake/CMake.app/Contents/bin/cmake -E cmake_autogen /Users/mustafaozdemir/Qt_project/build-periodiCpp-Qt_6_6_1_macos-Release/CMakeFiles/periodiCpp_autogen.dir/AutogenInfo.json MinSizeRel
fi
if test \"$CONFIGURATION\" = \"RelWithDebInfo\"; then :
  cd /Users/mustafaozdemir/Qt_project/build-periodiCpp-Qt_6_6_1_macos-Release
  /Users/mustafaozdemir/Qt/Tools/CMake/CMake.app/Contents/bin/cmake -E cmake_autogen /Users/mustafaozdemir/Qt_project/build-periodiCpp-Qt_6_6_1_macos-Release/CMakeFiles/periodiCpp_autogen.dir/AutogenInfo.json RelWithDebInfo
fi
";
			showEnvVarsInLog = 0;
		};
		3C0110FC8322DE7E50886E21 = {
			isa = PBXShellScriptBuildPhase;
			buildActionMask = 2147483647;
			files = (
			);
			inputPaths = (
			);
			outputPaths = (
			);
			runOnlyForDeploymentPostprocessing = 0;
			shellPath = /bin/sh;
			shellScript = "# shell script goes here
exit 0";
			showEnvVarsInLog = 0;
		};
		5E7AB470CBC6BEB47ECA2E8D /* Generate periodiCpp_autogen/EWIEGA46WW/qrc_resources.cpp */ = {
			isa = PBXShellScriptBuildPhase;
			buildActionMask = 2147483647;
			files = (
			);
			inputPaths = (
/Users/mustafaozdemir/Qt/6.6.1/macos/./libexec/rcc,"/Users/mustafaozdemir/Qt_project/build-periodiCpp-Qt_6_6_1_macos-Release/CMakeFiles/periodiCpp_autogen.dir/AutoRcc_resources_EWIEGA46WW_Info.json",/Users/mustafaozdemir/Qt_project/periodiCpp/resources.qrc,"/Users/mustafaozdemir/Qt_project/periodiCpp/resources/Element-Data.csv",/Users/mustafaozdemir/Qt_project/periodiCpp/resources/icnSearch.png,/Users/mustafaozdemir/Qt_project/periodiCpp/resources/style.qss			);
			name = "Generate periodiCpp_autogen/EWIEGA46WW/qrc_resources.cpp";
			outputPaths = (
"/Users/mustafaozdemir/Qt_project/build-periodiCpp-Qt_6_6_1_macos-Release/periodiCpp_autogen/EWIEGA46WW/qrc_resources.cpp"			);
			runOnlyForDeploymentPostprocessing = 0;
			shellPath = /bin/sh;
			shellScript = "set -e
if test \"$CONFIGURATION\" = \"Debug\"; then :
  cd /Users/mustafaozdemir/Qt_project/build-periodiCpp-Qt_6_6_1_macos-Release
  /Users/mustafaozdemir/Qt/Tools/CMake/CMake.app/Contents/bin/cmake -E cmake_autorcc /Users/mustafaozdemir/Qt_project/build-periodiCpp-Qt_6_6_1_macos-Release/CMakeFiles/periodiCpp_autogen.dir/AutoRcc_resources_EWIEGA46WW_Info.json Debug
  /Users/mustafaozdemir/Qt/Tools/CMake/CMake.app/Contents/bin/cmake -E cmake_autorcc /Users/mustafaozdemir/Qt_project/build-periodiCpp-Qt_6_6_1_macos-Release/CMakeFiles/periodiCpp_autogen.dir/AutoRcc_resources_EWIEGA46WW_Info.json Release
  /Users/mustafaozdemir/Qt/Tools/CMake/CMake.app/Contents/bin/cmake -E cmake_autorcc /Users/mustafaozdemir/Qt_project/build-periodiCpp-Qt_6_6_1_macos-Release/CMakeFiles/periodiCpp_autogen.dir/AutoRcc_resources_EWIEGA46WW_Info.json MinSizeRel
  /Users/mustafaozdemir/Qt/Tools/CMake/CMake.app/Contents/bin/cmake -E cmake_autorcc /Users/mustafaozdemir/Qt_project/build-periodiCpp-Qt_6_6_1_macos-Release/CMakeFiles/periodiCpp_autogen.dir/AutoRcc_resources_EWIEGA46WW_Info.json RelWithDebInfo
fi
if test \"$CONFIGURATION\" = \"Release\"; then :
  cd /Users/mustafaozdemir/Qt_project/build-periodiCpp-Qt_6_6_1_macos-Release
  /Users/mustafaozdemir/Qt/Tools/CMake/CMake.app/Contents/bin/cmake -E cmake_autorcc /Users/mustafaozdemir/Qt_project/build-periodiCpp-Qt_6_6_1_macos-Release/CMakeFiles/periodiCpp_autogen.dir/AutoRcc_resources_EWIEGA46WW_Info.json Debug
  /Users/mustafaozdemir/Qt/Tools/CMake/CMake.app/Contents/bin/cmake -E cmake_autorcc /Users/mustafaozdemir/Qt_project/build-periodiCpp-Qt_6_6_1_macos-Release/CMakeFiles/periodiCpp_autogen.dir/AutoRcc_resources_EWIEGA46WW_Info.json Release
  /Users/mustafaozdemir/Qt/Tools/CMake/CMake.app/Contents/bin/cmake -E cmake_autorcc /Users/mustafaozdemir/Qt_project/build-periodiCpp-Qt_6_6_1_macos-Release/CMakeFiles/periodiCpp_autogen.dir/AutoRcc_resources_EWIEGA46WW_Info.json MinSizeRel
  /Users/mustafaozdemir/Qt/Tools/CMake/CMake.app/Contents/bin/cmake -E cmake_autorcc /Users/mustafaozdemir/Qt_project/build-periodiCpp-Qt_6_6_1_macos-Release/CMakeFiles/periodiCpp_autogen.dir/AutoRcc_resources_EWIEGA46WW_Info.json RelWithDebInfo
fi
if test \"$CONFIGURATION\" = \"MinSizeRel\"; then :
  cd /Users/mustafaozdemir/Qt_project/build-periodiCpp-Qt_6_6_1_macos-Release
  /Users/mustafaozdemir/Qt/Tools/CMake/CMake.app/Contents/bin/cmake -E cmake_autorcc /Users/mustafaozdemir/Qt_project/build-periodiCpp-Qt_6_6_1_macos-Release/CMakeFiles/periodiCpp_autogen.dir/AutoRcc_resources_EWIEGA46WW_Info.json Debug
  /Users/mustafaozdemir/Qt/Tools/CMake/CMake.app/Contents/bin/cmake -E cmake_autorcc /Users/mustafaozdemir/Qt_project/build-periodiCpp-Qt_6_6_1_macos-Release/CMakeFiles/periodiCpp_autogen.dir/AutoRcc_resources_EWIEGA46WW_Info.json Release
  /Users/mustafaozdemir/Qt/Tools/CMake/CMake.app/Contents/bin/cmake -E cmake_autorcc /Users/mustafaozdemir/Qt_project/build-periodiCpp-Qt_6_6_1_macos-Release/CMakeFiles/periodiCpp_autogen.dir/AutoRcc_resources_EWIEGA46WW_Info.json MinSizeRel
  /Users/mustafaozdemir/Qt/Tools/CMake/CMake.app/Contents/bin/cmake -E cmake_autorcc /Users/mustafaozdemir/Qt_project/build-periodiCpp-Qt_6_6_1_macos-Release/CMakeFiles/periodiCpp_autogen.dir/AutoRcc_resources_EWIEGA46WW_Info.json RelWithDebInfo
fi
if test \"$CONFIGURATION\" = \"RelWithDebInfo\"; then :
  cd /Users/mustafaozdemir/Qt_project/build-periodiCpp-Qt_6_6_1_macos-Release
  /Users/mustafaozdemir/Qt/Tools/CMake/CMake.app/Contents/bin/cmake -E cmake_autorcc /Users/mustafaozdemir/Qt_project/build-periodiCpp-Qt_6_6_1_macos-Release/CMakeFiles/periodiCpp_autogen.dir/AutoRcc_resources_EWIEGA46WW_Info.json Debug
  /Users/mustafaozdemir/Qt/Tools/CMake/CMake.app/Contents/bin/cmake -E cmake_autorcc /Users/mustafaozdemir/Qt_project/build-periodiCpp-Qt_6_6_1_macos-Release/CMakeFiles/periodiCpp_autogen.dir/AutoRcc_resources_EWIEGA46WW_Info.json Release
  /Users/mustafaozdemir/Qt/Tools/CMake/CMake.app/Contents/bin/cmake -E cmake_autorcc /Users/mustafaozdemir/Qt_project/build-periodiCpp-Qt_6_6_1_macos-Release/CMakeFiles/periodiCpp_autogen.dir/AutoRcc_resources_EWIEGA46WW_Info.json MinSizeRel
  /Users/mustafaozdemir/Qt/Tools/CMake/CMake.app/Contents/bin/cmake -E cmake_autorcc /Users/mustafaozdemir/Qt_project/build-periodiCpp-Qt_6_6_1_macos-Release/CMakeFiles/periodiCpp_autogen.dir/AutoRcc_resources_EWIEGA46WW_Info.json RelWithDebInfo
fi
";
			showEnvVarsInLog = 0;
		};
		87AF4882E018677E2624B544 = {
			isa = PBXShellScriptBuildPhase;
			buildActionMask = 2147483647;
			files = (
			);
			inputPaths = (
			);
			outputPaths = (
			);
			runOnlyForDeploymentPostprocessing = 0;
			shellPath = /bin/sh;
			shellScript = "# shell script goes here
exit 0";
			showEnvVarsInLog = 0;
		};
		93426DA6A4AC2C2AC9CE883C /* CMake PostBuild Rules */ = {
			isa = PBXShellScriptBuildPhase;
			alwaysOutOfDate = 1;
			buildActionMask = 2147483647;
			files = (
			);
			name = "CMake PostBuild Rules";
			outputPaths = (
			);
			runOnlyForDeploymentPostprocessing = 0;
			shellPath = /bin/sh;
			shellScript = "set -e
if test \"$CONFIGURATION\" = \"Debug\"; then :
  cd /Users/mustafaozdemir/Qt_project/build-periodiCpp-Qt_6_6_1_macos-Release
  /Users/mustafaozdemir/Qt/Tools/CMake/CMake.app/Contents/bin/cmake -DBUILD_TYPE=$CONFIGURATION$EFFECTIVE_PLATFORM_NAME -P cmake_install.cmake
fi
if test \"$CONFIGURATION\" = \"Release\"; then :
  cd /Users/mustafaozdemir/Qt_project/build-periodiCpp-Qt_6_6_1_macos-Release
  /Users/mustafaozdemir/Qt/Tools/CMake/CMake.app/Contents/bin/cmake -DBUILD_TYPE=$CONFIGURATION$EFFECTIVE_PLATFORM_NAME -P cmake_install.cmake
fi
if test \"$CONFIGURATION\" = \"MinSizeRel\"; then :
  cd /Users/mustafaozdemir/Qt_project/build-periodiCpp-Qt_6_6_1_macos-Release
  /Users/mustafaozdemir/Qt/Tools/CMake/CMake.app/Contents/bin/cmake -DBUILD_TYPE=$CONFIGURATION$EFFECTIVE_PLATFORM_NAME -P cmake_install.cmake
fi
if test \"$CONFIGURATION\" = \"RelWithDebInfo\"; then :
  cd /Users/mustafaozdemir/Qt_project/build-periodiCpp-Qt_6_6_1_macos-Release
  /Users/mustafaozdemir/Qt/Tools/CMake/CMake.app/Contents/bin/cmake -DBUILD_TYPE=$CONFIGURATION$EFFECTIVE_PLATFORM_NAME -P cmake_install.cmake
fi
";
			showEnvVarsInLog = 0;
		};
		9B50530E35CC49C82C2FACCF = {
			isa = PBXShellScriptBuildPhase;
			buildActionMask = 2147483647;
			files = (
			);
			inputPaths = (
			);
			outputPaths = (
			);
			runOnlyForDeploymentPostprocessing = 0;
			shellPath = /bin/sh;
			shellScript = "# shell script goes here
exit 0";
			showEnvVarsInLog = 0;
		};
		9E4F3F6E71E7E99998CC50B7 /* Generate CMakeFiles/ZERO_CHECK */ = {
			isa = PBXShellScriptBuildPhase;
			alwaysOutOfDate = 1;
			buildActionMask = 2147483647;
			files = (
			);
			inputPaths = (
			);
			name = "Generate CMakeFiles/ZERO_CHECK";
			outputPaths = (
"/Users/mustafaozdemir/Qt_project/build-periodiCpp-Qt_6_6_1_macos-Release/CMakeFiles/ZERO_CHECK"			);
			runOnlyForDeploymentPostprocessing = 0;
			shellPath = /bin/sh;
			shellScript = "set -e
if test \"$CONFIGURATION\" = \"Debug\"; then :
  cd /Users/mustafaozdemir/Qt_project/build-periodiCpp-Qt_6_6_1_macos-Release
  make -f /Users/mustafaozdemir/Qt_project/build-periodiCpp-Qt_6_6_1_macos-Release/CMakeScripts/ReRunCMake.make
fi
if test \"$CONFIGURATION\" = \"Release\"; then :
  cd /Users/mustafaozdemir/Qt_project/build-periodiCpp-Qt_6_6_1_macos-Release
  make -f /Users/mustafaozdemir/Qt_project/build-periodiCpp-Qt_6_6_1_macos-Release/CMakeScripts/ReRunCMake.make
fi
if test \"$CONFIGURATION\" = \"MinSizeRel\"; then :
  cd /Users/mustafaozdemir/Qt_project/build-periodiCpp-Qt_6_6_1_macos-Release
  make -f /Users/mustafaozdemir/Qt_project/build-periodiCpp-Qt_6_6_1_macos-Release/CMakeScripts/ReRunCMake.make
fi
if test \"$CONFIGURATION\" = \"RelWithDebInfo\"; then :
  cd /Users/mustafaozdemir/Qt_project/build-periodiCpp-Qt_6_6_1_macos-Release
  make -f /Users/mustafaozdemir/Qt_project/build-periodiCpp-Qt_6_6_1_macos-Release/CMakeScripts/ReRunCMake.make
fi
";
			showEnvVarsInLog = 0;
		};
		B8283C94855F0CECFC82AA8E /* Generate CMakeFiles/ALL_BUILD */ = {
			isa = PBXShellScriptBuildPhase;
			alwaysOutOfDate = 1;
			buildActionMask = 2147483647;
			files = (
			);
			inputPaths = (
			);
			name = "Generate CMakeFiles/ALL_BUILD";
			outputPaths = (
"/Users/mustafaozdemir/Qt_project/build-periodiCpp-Qt_6_6_1_macos-Release/CMakeFiles/ALL_BUILD"			);
			runOnlyForDeploymentPostprocessing = 0;
			shellPath = /bin/sh;
			shellScript = "set -e
if test \"$CONFIGURATION\" = \"Debug\"; then :
  cd /Users/mustafaozdemir/Qt_project/build-periodiCpp-Qt_6_6_1_macos-Release
  echo Build\\ all\\ projects
fi
if test \"$CONFIGURATION\" = \"Release\"; then :
  cd /Users/mustafaozdemir/Qt_project/build-periodiCpp-Qt_6_6_1_macos-Release
  echo Build\\ all\\ projects
fi
if test \"$CONFIGURATION\" = \"MinSizeRel\"; then :
  cd /Users/mustafaozdemir/Qt_project/build-periodiCpp-Qt_6_6_1_macos-Release
  echo Build\\ all\\ projects
fi
if test \"$CONFIGURATION\" = \"RelWithDebInfo\"; then :
  cd /Users/mustafaozdemir/Qt_project/build-periodiCpp-Qt_6_6_1_macos-Release
  echo Build\\ all\\ projects
fi
";
			showEnvVarsInLog = 0;
		};
		CFDA6FBF596EA10F40F1EE70 = {
			isa = PBXShellScriptBuildPhase;
			buildActionMask = 2147483647;
			files = (
			);
			inputPaths = (
			);
			outputPaths = (
			);
			runOnlyForDeploymentPostprocessing = 0;
			shellPath = /bin/sh;
			shellScript = "# shell script goes here
exit 0";
			showEnvVarsInLog = 0;
		};
/* End PBXShellScriptBuildPhase section */

/* Begin PBXSourcesBuildPhase section */
		D9DF7B190754464898869AEA /* Sources */ = {
			isa = PBXSourcesBuildPhase;
			buildActionMask = 2147483647;
			files = (
				8B125A32673A4C8087FAF3C3 /* /Users/mustafaozdemir/Qt_project/build-periodiCpp-Qt_6_6_1_macos-Release/periodiCpp_autogen/EWIEGA46WW/qrc_resources.cpp */,
				DA92751BDBB740F9974FDD7A /* /Users/mustafaozdemir/Qt_project/build-periodiCpp-Qt_6_6_1_macos-Release/periodiCpp_autogen/mocs_compilation.cpp */,
				0A337B2F54C64DBA89ED8871 /* /Users/mustafaozdemir/Qt_project/periodiCpp/challenge.cpp */,
				0BBA5C735FCD48DB9B69E5A7 /* /Users/mustafaozdemir/Qt_project/periodiCpp/element.cpp */,
				9F5C77BA70F0483E99A0F2E3 /* /Users/mustafaozdemir/Qt_project/periodiCpp/elementdialog.cpp */,
				8CFCF7DEA4E349D09484C438 /* /Users/mustafaozdemir/Qt_project/periodiCpp/level.cpp */,
				6D38BD3865624742B4D78799 /* /Users/mustafaozdemir/Qt_project/periodiCpp/main.cpp */,
				7DFD127D01084D91BCAF0C5C /* /Users/mustafaozdemir/Qt_project/periodiCpp/mainmenu.cpp */,
				AFC88FC9AFF64873B2D36F56 /* /Users/mustafaozdemir/Qt_project/periodiCpp/periodictable.cpp */,
				B3AB6DEB02464D129D42DEBC /* /Users/mustafaozdemir/Qt_project/periodiCpp/question.cpp */,
				03B0754836B8432BA3E25F30 /* /Users/mustafaozdemir/Qt_project/periodiCpp/questiondialog.cpp */,
				0128F879D603471391A43674 /* /Users/mustafaozdemir/Qt_project/periodiCpp/quizsection.cpp */,
				9C858922F104469AA5AAC5BE /* /Users/mustafaozdemir/Qt_project/periodiCpp/scoremanager.cpp */,
				AF8B9B8416334AEEB58D366F /* /Users/mustafaozdemir/Qt_project/periodiCpp/tablesection.cpp */,
			);
			runOnlyForDeploymentPostprocessing = 0;
		};
/* End PBXSourcesBuildPhase section */

/* Begin PBXTargetDependency section */
		086F09078A1146D78BF2A2F7 /* PBXTargetDependency */ = {
			isa = PBXTargetDependency;
			target = BF2FB25D5E4A4C25B33C0996 /* ALL_BUILD */;
			targetProxy = 90BF3D0C5A25467DB6765554 /* PBXContainerItemProxy */;
		};
		39EAFE9D96764AA581A7BD8E /* PBXTargetDependency */ = {
			isa = PBXTargetDependency;
			target = 97A39EEC67D440EA9CF1EDA1 /* ZERO_CHECK */;
			targetProxy = 70C85B076D50430DB83F3DF4 /* PBXContainerItemProxy */;
		};
		5E97CF3710D84E7E9248875F /* PBXTargetDependency */ = {
			isa = PBXTargetDependency;
			target = E87AA582F6064FAE91ADA925 /* periodiCpp_autogen */;
			targetProxy = F3E6508FB50A49159A0650AC /* PBXContainerItemProxy */;
		};
		681E40AB3A794803A4B7A9FF /* PBXTargetDependency */ = {
			isa = PBXTargetDependency;
			target = CB5A0C41C84E40048E425A33 /* periodiCpp */;
			targetProxy = B82FC78890D8429BA0B72702 /* PBXContainerItemProxy */;
		};
		C05A2E7DF7314B36BC6037D4 /* PBXTargetDependency */ = {
			isa = PBXTargetDependency;
			target = 97A39EEC67D440EA9CF1EDA1 /* ZERO_CHECK */;
			targetProxy = 285E578C43E04A6696C40A6F /* PBXContainerItemProxy */;
		};
		CD6F09B341FA4199A8580A45 /* PBXTargetDependency */ = {
			isa = PBXTargetDependency;
			target = 97A39EEC67D440EA9CF1EDA1 /* ZERO_CHECK */;
			targetProxy = 184E9179B1B44EDFAE3A697D /* PBXContainerItemProxy */;
		};
/* End PBXTargetDependency section */

/* Begin XCBuildConfiguration section */
		00F05C747B684FC7A9FBFBC4 /* RelWithDebInfo */ = {
			isa = XCBuildConfiguration;
			buildSettings = {
				ALWAYS_SEARCH_USER_PATHS = NO;
				ARCHS = arm64;
				COMBINE_HIDPI_IMAGES = YES;
				GCC_GENERATE_DEBUGGING_SYMBOLS = YES;
				GCC_INLINES_ARE_PRIVATE_EXTERN = NO;
				GCC_OPTIMIZATION_LEVEL = 0;
				GCC_PREPROCESSOR_DEFINITIONS = ("'CMAKE_INTDIR=\"$(CONFIGURATION)$(EFFECTIVE_PLATFORM_NAME)\"'","$(inherited)");
				GCC_SYMBOLS_PRIVATE_EXTERN = NO;
				INSTALL_PATH = "";
				ONLY_ACTIVE_ARCH = NO;
				OTHER_LDFLAGS = ("","$(inherited)");
				OTHER_REZFLAGS = "";
				PRODUCT_NAME = ZERO_CHECK;
				SECTORDER_FLAGS = "";
				USE_HEADERMAP = NO;
				WARNING_CFLAGS = ("$(inherited)");
			};
			name = RelWithDebInfo;
		};
		09770127CF9844928D9D4745 /* MinSizeRel */ = {
			isa = XCBuildConfiguration;
			buildSettings = {
				ALWAYS_SEARCH_USER_PATHS = NO;
				ARCHS = arm64;
				COMBINE_HIDPI_IMAGES = YES;
				GCC_GENERATE_DEBUGGING_SYMBOLS = YES;
				GCC_INLINES_ARE_PRIVATE_EXTERN = NO;
				GCC_OPTIMIZATION_LEVEL = 0;
				GCC_PREPROCESSOR_DEFINITIONS = ("'CMAKE_INTDIR=\"$(CONFIGURATION)$(EFFECTIVE_PLATFORM_NAME)\"'","$(inherited)");
				GCC_SYMBOLS_PRIVATE_EXTERN = NO;
				INSTALL_PATH = "";
				ONLY_ACTIVE_ARCH = NO;
				OTHER_LDFLAGS = ("","$(inherited)");
				OTHER_REZFLAGS = "";
				PRODUCT_NAME = install;
				SECTORDER_FLAGS = "";
				USE_HEADERMAP = NO;
				WARNING_CFLAGS = ("$(inherited)");
			};
			name = MinSizeRel;
		};
		0E830B49388142E28434F8CB /* MinSizeRel */ = {
			isa = XCBuildConfiguration;
			buildSettings = {
				ALWAYS_SEARCH_USER_PATHS = NO;
				ARCHS = arm64;
				COMBINE_HIDPI_IMAGES = YES;
				GCC_GENERATE_DEBUGGING_SYMBOLS = YES;
				GCC_INLINES_ARE_PRIVATE_EXTERN = NO;
				GCC_OPTIMIZATION_LEVEL = 0;
				GCC_PREPROCESSOR_DEFINITIONS = ("'CMAKE_INTDIR=\"$(CONFIGURATION)$(EFFECTIVE_PLATFORM_NAME)\"'","$(inherited)");
				GCC_SYMBOLS_PRIVATE_EXTERN = NO;
				INSTALL_PATH = "";
				ONLY_ACTIVE_ARCH = NO;
				OTHER_LDFLAGS = ("","$(inherited)");
				OTHER_REZFLAGS = "";
				PRODUCT_NAME = ALL_BUILD;
				SECTORDER_FLAGS = "";
				USE_HEADERMAP = NO;
				WARNING_CFLAGS = ("$(inherited)");
			};
			name = MinSizeRel;
		};
		130E86A4DFCD4CC59822BCB0 /* Release */ = {
			isa = XCBuildConfiguration;
			buildSettings = {
				ALWAYS_SEARCH_USER_PATHS = NO;
				ARCHS = arm64;
				COMBINE_HIDPI_IMAGES = YES;
				GCC_GENERATE_DEBUGGING_SYMBOLS = YES;
				GCC_INLINES_ARE_PRIVATE_EXTERN = NO;
				GCC_OPTIMIZATION_LEVEL = 0;
				GCC_PREPROCESSOR_DEFINITIONS = ("'CMAKE_INTDIR=\"$(CONFIGURATION)$(EFFECTIVE_PLATFORM_NAME)\"'","$(inherited)");
				GCC_SYMBOLS_PRIVATE_EXTERN = NO;
				INSTALL_PATH = "";
				ONLY_ACTIVE_ARCH = NO;
				OTHER_LDFLAGS = ("","$(inherited)");
				OTHER_REZFLAGS = "";
				PRODUCT_NAME = periodiCpp_autogen;
				SECTORDER_FLAGS = "";
				USE_HEADERMAP = NO;
				WARNING_CFLAGS = ("$(inherited)");
			};
			name = Release;
		};
		3E6A0D3E9698405AA3B93595 /* RelWithDebInfo */ = {
			isa = XCBuildConfiguration;
			buildSettings = {
				ALWAYS_SEARCH_USER_PATHS = NO;
				ARCHS = arm64;
				COMBINE_HIDPI_IMAGES = YES;
				GCC_GENERATE_DEBUGGING_SYMBOLS = YES;
				GCC_INLINES_ARE_PRIVATE_EXTERN = NO;
				GCC_OPTIMIZATION_LEVEL = 0;
				GCC_PREPROCESSOR_DEFINITIONS = ("'CMAKE_INTDIR=\"$(CONFIGURATION)$(EFFECTIVE_PLATFORM_NAME)\"'","$(inherited)");
				GCC_SYMBOLS_PRIVATE_EXTERN = NO;
				INSTALL_PATH = "";
				ONLY_ACTIVE_ARCH = NO;
				OTHER_LDFLAGS = ("","$(inherited)");
				OTHER_REZFLAGS = "";
				PRODUCT_NAME = ALL_BUILD;
				SECTORDER_FLAGS = "";
				USE_HEADERMAP = NO;
				WARNING_CFLAGS = ("$(inherited)");
			};
			name = RelWithDebInfo;
		};
		42F0A0A8440C4FAFB055DECE /* Debug */ = {
			isa = XCBuildConfiguration;
			buildSettings = {
				ALWAYS_SEARCH_USER_PATHS = NO;
				ARCHS = arm64;
				COMBINE_HIDPI_IMAGES = YES;
				GCC_GENERATE_DEBUGGING_SYMBOLS = YES;
				GCC_INLINES_ARE_PRIVATE_EXTERN = NO;
				GCC_OPTIMIZATION_LEVEL = 0;
				GCC_PREPROCESSOR_DEFINITIONS = ("'CMAKE_INTDIR=\"$(CONFIGURATION)$(EFFECTIVE_PLATFORM_NAME)\"'","$(inherited)");
				GCC_SYMBOLS_PRIVATE_EXTERN = NO;
				INSTALL_PATH = "";
				ONLY_ACTIVE_ARCH = NO;
				OTHER_LDFLAGS = ("","$(inherited)");
				OTHER_REZFLAGS = "";
				PRODUCT_NAME = ZERO_CHECK;
				SECTORDER_FLAGS = "";
				USE_HEADERMAP = NO;
				WARNING_CFLAGS = ("$(inherited)");
			};
			name = Debug;
		};
		49518A3695B94FB0857DF155 /* RelWithDebInfo */ = {
			isa = XCBuildConfiguration;
			buildSettings = {
				ALWAYS_SEARCH_USER_PATHS = NO;
				ARCHS = arm64;
				CODE_SIGN_STYLE = Automatic;
				COMBINE_HIDPI_IMAGES = YES;
				CONFIGURATION_BUILD_DIR = "/Users/mustafaozdemir/Qt_project/build-periodiCpp-Qt_6_6_1_macos-Release/RelWithDebInfo";
				DEVELOPMENT_TEAM = "";
				EXECUTABLE_PREFIX = "";
				EXECUTABLE_SUFFIX = "";
				GCC_GENERATE_DEBUGGING_SYMBOLS = YES;
				GCC_INLINES_ARE_PRIVATE_EXTERN = NO;
				GCC_OPTIMIZATION_LEVEL = 2;
				GCC_PREPROCESSOR_DEFINITIONS = ("'CMAKE_INTDIR=\"$(CONFIGURATION)$(EFFECTIVE_PLATFORM_NAME)\"'",QT_CORE_LIB,QT_NO_DEBUG,QT_WIDGETS_LIB,QT_GUI_LIB,"$(inherited)");
				GCC_SYMBOLS_PRIVATE_EXTERN = NO;
				HEADER_SEARCH_PATHS = ("/Users/mustafaozdemir/Qt_project/build-periodiCpp-Qt_6_6_1_macos-Release/periodiCpp_autogen/include_RelWithDebInfo",/Users/mustafaozdemir/Qt_project/periodiCpp,"$(inherited)");
				INFOPLIST_FILE = "/Users/mustafaozdemir/Qt_project/build-periodiCpp-Qt_6_6_1_macos-Release/CMakeFiles/periodiCpp.dir/Info.plist";
				INSTALL_PATH = "$(inherited)";
				LD_RUNPATH_SEARCH_PATHS = (/Users/mustafaozdemir/Qt/6.6.1/macos/lib,"$(inherited)");
				ONLY_ACTIVE_ARCH = NO;
				OTHER_CPLUSPLUSFLAGS = "       -DNDEBUG '-std=gnu++17' ";
				OTHER_LDFLAGS = (" -Wl,-search_paths_first -Wl,-headerpad_max_install_names",/Users/mustafaozdemir/Qt/6.6.1/macos/lib/QtWidgets.framework/Versions/A/QtWidgets,/Users/mustafaozdemir/Qt/6.6.1/macos/lib/QtGui.framework/Versions/A/QtGui,"-Xlinker -framework -Xlinker OpenGL","-Xlinker -framework -Xlinker AGL","-framework AppKit","-framework ImageIO","-framework Metal",/Users/mustafaozdemir/Qt/6.6.1/macos/lib/QtCore.framework/Versions/A/QtCore,"-framework IOKit","-framework DiskArbitration","$(inherited)");
				OTHER_REZFLAGS = "";
				PRODUCT_BUNDLE_IDENTIFIER = "deneme.$(PRODUCT_NAME:rfc1034identifier)";
				PRODUCT_NAME = periodiCpp;
				SECTORDER_FLAGS = "";
				SYSTEM_FRAMEWORK_SEARCH_PATHS = (/Users/mustafaozdemir/Qt/6.6.1/macos/lib,"$(inherited)");
				SYSTEM_HEADER_SEARCH_PATHS = (/Users/mustafaozdemir/Qt/6.6.1/macos/lib/QtCore.framework/Headers,"/Users/mustafaozdemir/Qt/6.6.1/macos/mkspecs/macx-clang",/Users/mustafaozdemir/Qt/6.6.1/macos/include,/Users/mustafaozdemir/Qt/6.6.1/macos/lib/QtWidgets.framework/Headers,/Users/mustafaozdemir/Qt/6.6.1/macos/lib/QtGui.framework/Headers,"$(inherited)");
				TARGET_TEMP_DIR = "/Users/mustafaozdemir/Qt_project/build-periodiCpp-Qt_6_6_1_macos-Release/build/periodiCpp.build/$(CONFIGURATION)$(EFFECTIVE_PLATFORM_NAME)";
				USE_HEADERMAP = NO;
				WARNING_CFLAGS = ("$(inherited)");
			};
			name = RelWithDebInfo;
		};
		4E6B10AB1B374AC594DEAF5B /* MinSizeRel */ = {
			isa = XCBuildConfiguration;
			buildSettings = {
				ALWAYS_SEARCH_USER_PATHS = NO;
				ARCHS = arm64;
				COMBINE_HIDPI_IMAGES = YES;
				GCC_GENERATE_DEBUGGING_SYMBOLS = YES;
				GCC_INLINES_ARE_PRIVATE_EXTERN = NO;
				GCC_OPTIMIZATION_LEVEL = 0;
				GCC_PREPROCESSOR_DEFINITIONS = ("'CMAKE_INTDIR=\"$(CONFIGURATION)$(EFFECTIVE_PLATFORM_NAME)\"'","$(inherited)");
				GCC_SYMBOLS_PRIVATE_EXTERN = NO;
				INSTALL_PATH = "";
				ONLY_ACTIVE_ARCH = NO;
				OTHER_LDFLAGS = ("","$(inherited)");
				OTHER_REZFLAGS = "";
				PRODUCT_NAME = periodiCpp_autogen;
				SECTORDER_FLAGS = "";
				USE_HEADERMAP = NO;
				WARNING_CFLAGS = ("$(inherited)");
			};
			name = MinSizeRel;
		};
		506D55FBD9724214B1B49BC6 /* RelWithDebInfo */ = {
			isa = XCBuildConfiguration;
			buildSettings = {
				ALWAYS_SEARCH_USER_PATHS = NO;
				ARCHS = arm64;
				COMBINE_HIDPI_IMAGES = YES;
				GCC_GENERATE_DEBUGGING_SYMBOLS = YES;
				GCC_INLINES_ARE_PRIVATE_EXTERN = NO;
				GCC_OPTIMIZATION_LEVEL = 0;
				GCC_PREPROCESSOR_DEFINITIONS = ("'CMAKE_INTDIR=\"$(CONFIGURATION)$(EFFECTIVE_PLATFORM_NAME)\"'","$(inherited)");
				GCC_SYMBOLS_PRIVATE_EXTERN = NO;
				INSTALL_PATH = "";
				ONLY_ACTIVE_ARCH = NO;
				OTHER_LDFLAGS = ("","$(inherited)");
				OTHER_REZFLAGS = "";
				PRODUCT_NAME = install;
				SECTORDER_FLAGS = "";
				USE_HEADERMAP = NO;
				WARNING_CFLAGS = ("$(inherited)");
			};
			name = RelWithDebInfo;
		};
		540932DBCDF34137B195FABC /* Release */ = {
			isa = XCBuildConfiguration;
			buildSettings = {
				ALWAYS_SEARCH_USER_PATHS = NO;
				ARCHS = arm64;
				COMBINE_HIDPI_IMAGES = YES;
				GCC_GENERATE_DEBUGGING_SYMBOLS = YES;
				GCC_INLINES_ARE_PRIVATE_EXTERN = NO;
				GCC_OPTIMIZATION_LEVEL = 0;
				GCC_PREPROCESSOR_DEFINITIONS = ("'CMAKE_INTDIR=\"$(CONFIGURATION)$(EFFECTIVE_PLATFORM_NAME)\"'","$(inherited)");
				GCC_SYMBOLS_PRIVATE_EXTERN = NO;
				INSTALL_PATH = "";
				ONLY_ACTIVE_ARCH = NO;
				OTHER_LDFLAGS = ("","$(inherited)");
				OTHER_REZFLAGS = "";
				PRODUCT_NAME = ALL_BUILD;
				SECTORDER_FLAGS = "";
				USE_HEADERMAP = NO;
				WARNING_CFLAGS = ("$(inherited)");
			};
			name = Release;
		};
		69A46E5AB1E3480BA4924310 /* Debug */ = {
			isa = XCBuildConfiguration;
			buildSettings = {
				ALWAYS_SEARCH_USER_PATHS = NO;
				ARCHS = arm64;
				COMBINE_HIDPI_IMAGES = YES;
				GCC_GENERATE_DEBUGGING_SYMBOLS = YES;
				GCC_INLINES_ARE_PRIVATE_EXTERN = NO;
				GCC_OPTIMIZATION_LEVEL = 0;
				GCC_PREPROCESSOR_DEFINITIONS = ("'CMAKE_INTDIR=\"$(CONFIGURATION)$(EFFECTIVE_PLATFORM_NAME)\"'","$(inherited)");
				GCC_SYMBOLS_PRIVATE_EXTERN = NO;
				INSTALL_PATH = "";
				ONLY_ACTIVE_ARCH = NO;
				OTHER_LDFLAGS = ("","$(inherited)");
				OTHER_REZFLAGS = "";
				PRODUCT_NAME = install;
				SECTORDER_FLAGS = "";
				USE_HEADERMAP = NO;
				WARNING_CFLAGS = ("$(inherited)");
			};
			name = Debug;
		};
		6EB6CDC0CF76406EB7FA15A7 /* RelWithDebInfo */ = {
			isa = XCBuildConfiguration;
			buildSettings = {
				ALWAYS_SEARCH_USER_PATHS = NO;
				ARCHS = arm64;
				COMBINE_HIDPI_IMAGES = YES;
				GCC_GENERATE_DEBUGGING_SYMBOLS = YES;
				GCC_INLINES_ARE_PRIVATE_EXTERN = NO;
				GCC_OPTIMIZATION_LEVEL = 0;
				GCC_PREPROCESSOR_DEFINITIONS = ("'CMAKE_INTDIR=\"$(CONFIGURATION)$(EFFECTIVE_PLATFORM_NAME)\"'","$(inherited)");
				GCC_SYMBOLS_PRIVATE_EXTERN = NO;
				INSTALL_PATH = "";
				ONLY_ACTIVE_ARCH = NO;
				OTHER_LDFLAGS = ("","$(inherited)");
				OTHER_REZFLAGS = "";
				PRODUCT_NAME = periodiCpp_autogen;
				SECTORDER_FLAGS = "";
				USE_HEADERMAP = NO;
				WARNING_CFLAGS = ("$(inherited)");
			};
			name = RelWithDebInfo;
		};
		6ED127CF576E410F8F98F3A3 /* RelWithDebInfo */ = {
			isa = XCBuildConfiguration;
			buildSettings = {
				ARCHS = arm64;
				SDKROOT = /Applications/Xcode.app/Contents/Developer/Platforms/MacOSX.platform/Developer/SDKs/MacOSX14.2.sdk;
				SWIFT_COMPILATION_MODE = wholemodule;
				SYMROOT = "/Users/mustafaozdemir/Qt_project/build-periodiCpp-Qt_6_6_1_macos-Release/build";
			};
			name = RelWithDebInfo;
		};
		783B3D3A0E0942188C5843DC /* Release */ = {
			isa = XCBuildConfiguration;
			buildSettings = {
				ARCHS = arm64;
				SDKROOT = /Applications/Xcode.app/Contents/Developer/Platforms/MacOSX.platform/Developer/SDKs/MacOSX14.2.sdk;
				SWIFT_COMPILATION_MODE = wholemodule;
				SYMROOT = "/Users/mustafaozdemir/Qt_project/build-periodiCpp-Qt_6_6_1_macos-Release/build";
			};
			name = Release;
		};
		7DE9D2DD986748E19401896B /* Debug */ = {
			isa = XCBuildConfiguration;
			buildSettings = {
				ALWAYS_SEARCH_USER_PATHS = NO;
				ARCHS = arm64;
				CODE_SIGN_STYLE = Automatic;
				COMBINE_HIDPI_IMAGES = YES;
				CONFIGURATION_BUILD_DIR = "/Users/mustafaozdemir/Qt_project/build-periodiCpp-Qt_6_6_1_macos-Release/Debug";
				DEVELOPMENT_TEAM = "";
				EXECUTABLE_PREFIX = "";
				EXECUTABLE_SUFFIX = "";
				GCC_GENERATE_DEBUGGING_SYMBOLS = YES;
				GCC_INLINES_ARE_PRIVATE_EXTERN = NO;
				GCC_OPTIMIZATION_LEVEL = 0;
				GCC_PREPROCESSOR_DEFINITIONS = ("'CMAKE_INTDIR=\"$(CONFIGURATION)$(EFFECTIVE_PLATFORM_NAME)\"'",QT_CORE_LIB,QT_WIDGETS_LIB,QT_GUI_LIB,"$(inherited)");
				GCC_SYMBOLS_PRIVATE_EXTERN = NO;
				HEADER_SEARCH_PATHS = ("/Users/mustafaozdemir/Qt_project/build-periodiCpp-Qt_6_6_1_macos-Release/periodiCpp_autogen/include_Debug",/Users/mustafaozdemir/Qt_project/periodiCpp,"$(inherited)");
				INFOPLIST_FILE = "/Users/mustafaozdemir/Qt_project/build-periodiCpp-Qt_6_6_1_macos-Release/CMakeFiles/periodiCpp.dir/Info.plist";
				INSTALL_PATH = "$(inherited)";
				LD_RUNPATH_SEARCH_PATHS = (/Users/mustafaozdemir/Qt/6.6.1/macos/lib,"$(inherited)");
				ONLY_ACTIVE_ARCH = NO;
				OTHER_CPLUSPLUSFLAGS = "   '-std=gnu++17' ";
				OTHER_LDFLAGS = (" -Wl,-search_paths_first -Wl,-headerpad_max_install_names",/Users/mustafaozdemir/Qt/6.6.1/macos/lib/QtWidgets.framework/Versions/A/QtWidgets,/Users/mustafaozdemir/Qt/6.6.1/macos/lib/QtGui.framework/Versions/A/QtGui,/Users/mustafaozdemir/Qt/6.6.1/macos/lib/QtCore.framework/Versions/A/QtCore,"-framework IOKit","-framework DiskArbitration","-Xlinker -framework -Xlinker OpenGL","-Xlinker -framework -Xlinker AGL","-framework AppKit","-framework ImageIO","-framework Metal","$(inherited)");
				OTHER_REZFLAGS = "";
				PRODUCT_BUNDLE_IDENTIFIER = "deneme.$(PRODUCT_NAME:rfc1034identifier)";
				PRODUCT_NAME = periodiCpp;
				SECTORDER_FLAGS = "";
				SYSTEM_FRAMEWORK_SEARCH_PATHS = (/Users/mustafaozdemir/Qt/6.6.1/macos/lib,"$(inherited)");
				SYSTEM_HEADER_SEARCH_PATHS = (/Users/mustafaozdemir/Qt/6.6.1/macos/lib/QtCore.framework/Headers,"/Users/mustafaozdemir/Qt/6.6.1/macos/mkspecs/macx-clang",/Users/mustafaozdemir/Qt/6.6.1/macos/include,/Users/mustafaozdemir/Qt/6.6.1/macos/lib/QtWidgets.framework/Headers,/Users/mustafaozdemir/Qt/6.6.1/macos/lib/QtGui.framework/Headers,"$(inherited)");
				TARGET_TEMP_DIR = "/Users/mustafaozdemir/Qt_project/build-periodiCpp-Qt_6_6_1_macos-Release/build/periodiCpp.build/$(CONFIGURATION)$(EFFECTIVE_PLATFORM_NAME)";
				USE_HEADERMAP = NO;
				WARNING_CFLAGS = ("$(inherited)");
			};
			name = Debug;
		};
		9A69856ECF0F41818AA0965C /* Release */ = {
			isa = XCBuildConfiguration;
			buildSettings = {
				ALWAYS_SEARCH_USER_PATHS = NO;
				ARCHS = arm64;
				COMBINE_HIDPI_IMAGES = YES;
				GCC_GENERATE_DEBUGGING_SYMBOLS = YES;
				GCC_INLINES_ARE_PRIVATE_EXTERN = NO;
				GCC_OPTIMIZATION_LEVEL = 0;
				GCC_PREPROCESSOR_DEFINITIONS = ("'CMAKE_INTDIR=\"$(CONFIGURATION)$(EFFECTIVE_PLATFORM_NAME)\"'","$(inherited)");
				GCC_SYMBOLS_PRIVATE_EXTERN = NO;
				INSTALL_PATH = "";
				ONLY_ACTIVE_ARCH = NO;
				OTHER_LDFLAGS = ("","$(inherited)");
				OTHER_REZFLAGS = "";
				PRODUCT_NAME = ZERO_CHECK;
				SECTORDER_FLAGS = "";
				USE_HEADERMAP = NO;
				WARNING_CFLAGS = ("$(inherited)");
			};
			name = Release;
		};
		C7C157F1B87D47BB890E1220 /* MinSizeRel */ = {
			isa = XCBuildConfiguration;
			buildSettings = {
				ARCHS = arm64;
				SDKROOT = /Applications/Xcode.app/Contents/Developer/Platforms/MacOSX.platform/Developer/SDKs/MacOSX14.2.sdk;
				SWIFT_COMPILATION_MODE = wholemodule;
				SYMROOT = "/Users/mustafaozdemir/Qt_project/build-periodiCpp-Qt_6_6_1_macos-Release/build";
			};
			name = MinSizeRel;
		};
		D492E6DD4A1F45F1BCA31E25 /* MinSizeRel */ = {
			isa = XCBuildConfiguration;
			buildSettings = {
				ALWAYS_SEARCH_USER_PATHS = NO;
				ARCHS = arm64;
				COMBINE_HIDPI_IMAGES = YES;
				GCC_GENERATE_DEBUGGING_SYMBOLS = YES;
				GCC_INLINES_ARE_PRIVATE_EXTERN = NO;
				GCC_OPTIMIZATION_LEVEL = 0;
				GCC_PREPROCESSOR_DEFINITIONS = ("'CMAKE_INTDIR=\"$(CONFIGURATION)$(EFFECTIVE_PLATFORM_NAME)\"'","$(inherited)");
				GCC_SYMBOLS_PRIVATE_EXTERN = NO;
				INSTALL_PATH = "";
				ONLY_ACTIVE_ARCH = NO;
				OTHER_LDFLAGS = ("","$(inherited)");
				OTHER_REZFLAGS = "";
				PRODUCT_NAME = ZERO_CHECK;
				SECTORDER_FLAGS = "";
				USE_HEADERMAP = NO;
				WARNING_CFLAGS = ("$(inherited)");
			};
			name = MinSizeRel;
		};
		D84945EB5F724A3CAE6E1BB2 /* Release */ = {
			isa = XCBuildConfiguration;
			buildSettings = {
				ALWAYS_SEARCH_USER_PATHS = NO;
				ARCHS = arm64;
				CODE_SIGN_STYLE = Automatic;
				COMBINE_HIDPI_IMAGES = YES;
				CONFIGURATION_BUILD_DIR = "/Users/mustafaozdemir/Qt_project/build-periodiCpp-Qt_6_6_1_macos-Release/Release";
				DEVELOPMENT_TEAM = "";
				EXECUTABLE_PREFIX = "";
				EXECUTABLE_SUFFIX = "";
				GCC_GENERATE_DEBUGGING_SYMBOLS = NO;
				GCC_INLINES_ARE_PRIVATE_EXTERN = NO;
				GCC_OPTIMIZATION_LEVEL = 3;
				GCC_PREPROCESSOR_DEFINITIONS = ("'CMAKE_INTDIR=\"$(CONFIGURATION)$(EFFECTIVE_PLATFORM_NAME)\"'",QT_CORE_LIB,QT_NO_DEBUG,QT_WIDGETS_LIB,QT_GUI_LIB,"$(inherited)");
				GCC_SYMBOLS_PRIVATE_EXTERN = NO;
				HEADER_SEARCH_PATHS = ("/Users/mustafaozdemir/Qt_project/build-periodiCpp-Qt_6_6_1_macos-Release/periodiCpp_autogen/include_Release",/Users/mustafaozdemir/Qt_project/periodiCpp,"$(inherited)");
				INFOPLIST_FILE = "/Users/mustafaozdemir/Qt_project/build-periodiCpp-Qt_6_6_1_macos-Release/CMakeFiles/periodiCpp.dir/Info.plist";
				INSTALL_PATH = "$(inherited)";
				LD_RUNPATH_SEARCH_PATHS = (/Users/mustafaozdemir/Qt/6.6.1/macos/lib,"$(inherited)");
				ONLY_ACTIVE_ARCH = NO;
				OTHER_CPLUSPLUSFLAGS = "    -DNDEBUG '-std=gnu++17' ";
				OTHER_LDFLAGS = (" -Wl,-search_paths_first -Wl,-headerpad_max_install_names",/Users/mustafaozdemir/Qt/6.6.1/macos/lib/QtWidgets.framework/Versions/A/QtWidgets,/Users/mustafaozdemir/Qt/6.6.1/macos/lib/QtGui.framework/Versions/A/QtGui,/Users/mustafaozdemir/Qt/6.6.1/macos/lib/QtCore.framework/Versions/A/QtCore,"-framework IOKit","-framework DiskArbitration","-Xlinker -framework -Xlinker OpenGL","-Xlinker -framework -Xlinker AGL","-framework AppKit","-framework ImageIO","-framework Metal","$(inherited)");
				OTHER_REZFLAGS = "";
				PRODUCT_BUNDLE_IDENTIFIER = "deneme.$(PRODUCT_NAME:rfc1034identifier)";
				PRODUCT_NAME = periodiCpp;
				SECTORDER_FLAGS = "";
				SYSTEM_FRAMEWORK_SEARCH_PATHS = (/Users/mustafaozdemir/Qt/6.6.1/macos/lib,"$(inherited)");
				SYSTEM_HEADER_SEARCH_PATHS = (/Users/mustafaozdemir/Qt/6.6.1/macos/lib/QtCore.framework/Headers,"/Users/mustafaozdemir/Qt/6.6.1/macos/mkspecs/macx-clang",/Users/mustafaozdemir/Qt/6.6.1/macos/include,/Users/mustafaozdemir/Qt/6.6.1/macos/lib/QtWidgets.framework/Headers,/Users/mustafaozdemir/Qt/6.6.1/macos/lib/QtGui.framework/Headers,"$(inherited)");
				TARGET_TEMP_DIR = "/Users/mustafaozdemir/Qt_project/build-periodiCpp-Qt_6_6_1_macos-Release/build/periodiCpp.build/$(CONFIGURATION)$(EFFECTIVE_PLATFORM_NAME)";
				USE_HEADERMAP = NO;
				WARNING_CFLAGS = ("$(inherited)");
			};
			name = Release;
		};
		DE388A65E53041C48762731D /* Debug */ = {
			isa = XCBuildConfiguration;
			buildSettings = {
				ALWAYS_SEARCH_USER_PATHS = NO;
				ARCHS = arm64;
				COMBINE_HIDPI_IMAGES = YES;
				GCC_GENERATE_DEBUGGING_SYMBOLS = YES;
				GCC_INLINES_ARE_PRIVATE_EXTERN = NO;
				GCC_OPTIMIZATION_LEVEL = 0;
				GCC_PREPROCESSOR_DEFINITIONS = ("'CMAKE_INTDIR=\"$(CONFIGURATION)$(EFFECTIVE_PLATFORM_NAME)\"'","$(inherited)");
				GCC_SYMBOLS_PRIVATE_EXTERN = NO;
				INSTALL_PATH = "";
				ONLY_ACTIVE_ARCH = NO;
				OTHER_LDFLAGS = ("","$(inherited)");
				OTHER_REZFLAGS = "";
				PRODUCT_NAME = ALL_BUILD;
				SECTORDER_FLAGS = "";
				USE_HEADERMAP = NO;
				WARNING_CFLAGS = ("$(inherited)");
			};
			name = Debug;
		};
		DF887CC2C45A4C30A919690F /* Debug */ = {
			isa = XCBuildConfiguration;
			buildSettings = {
				ALWAYS_SEARCH_USER_PATHS = NO;
				ARCHS = arm64;
				COMBINE_HIDPI_IMAGES = YES;
				GCC_GENERATE_DEBUGGING_SYMBOLS = YES;
				GCC_INLINES_ARE_PRIVATE_EXTERN = NO;
				GCC_OPTIMIZATION_LEVEL = 0;
				GCC_PREPROCESSOR_DEFINITIONS = ("'CMAKE_INTDIR=\"$(CONFIGURATION)$(EFFECTIVE_PLATFORM_NAME)\"'","$(inherited)");
				GCC_SYMBOLS_PRIVATE_EXTERN = NO;
				INSTALL_PATH = "";
				ONLY_ACTIVE_ARCH = NO;
				OTHER_LDFLAGS = ("","$(inherited)");
				OTHER_REZFLAGS = "";
				PRODUCT_NAME = periodiCpp_autogen;
				SECTORDER_FLAGS = "";
				USE_HEADERMAP = NO;
				WARNING_CFLAGS = ("$(inherited)");
			};
			name = Debug;
		};
		E08EE867247E48C0B6E93258 /* MinSizeRel */ = {
			isa = XCBuildConfiguration;
			buildSettings = {
				ALWAYS_SEARCH_USER_PATHS = NO;
				ARCHS = arm64;
				CODE_SIGN_STYLE = Automatic;
				COMBINE_HIDPI_IMAGES = YES;
				CONFIGURATION_BUILD_DIR = "/Users/mustafaozdemir/Qt_project/build-periodiCpp-Qt_6_6_1_macos-Release/MinSizeRel";
				DEVELOPMENT_TEAM = "";
				EXECUTABLE_PREFIX = "";
				EXECUTABLE_SUFFIX = "";
				GCC_GENERATE_DEBUGGING_SYMBOLS = NO;
				GCC_INLINES_ARE_PRIVATE_EXTERN = NO;
				GCC_OPTIMIZATION_LEVEL = s;
				GCC_PREPROCESSOR_DEFINITIONS = ("'CMAKE_INTDIR=\"$(CONFIGURATION)$(EFFECTIVE_PLATFORM_NAME)\"'",QT_CORE_LIB,QT_NO_DEBUG,QT_WIDGETS_LIB,QT_GUI_LIB,"$(inherited)");
				GCC_SYMBOLS_PRIVATE_EXTERN = NO;
				HEADER_SEARCH_PATHS = ("/Users/mustafaozdemir/Qt_project/build-periodiCpp-Qt_6_6_1_macos-Release/periodiCpp_autogen/include_MinSizeRel",/Users/mustafaozdemir/Qt_project/periodiCpp,"$(inherited)");
				INFOPLIST_FILE = "/Users/mustafaozdemir/Qt_project/build-periodiCpp-Qt_6_6_1_macos-Release/CMakeFiles/periodiCpp.dir/Info.plist";
				INSTALL_PATH = "$(inherited)";
				LD_RUNPATH_SEARCH_PATHS = (/Users/mustafaozdemir/Qt/6.6.1/macos/lib,"$(inherited)");
				ONLY_ACTIVE_ARCH = NO;
				OTHER_CPLUSPLUSFLAGS = "    -DNDEBUG '-std=gnu++17' ";
				OTHER_LDFLAGS = (" -Wl,-search_paths_first -Wl,-headerpad_max_install_names",/Users/mustafaozdemir/Qt/6.6.1/macos/lib/QtWidgets.framework/Versions/A/QtWidgets,/Users/mustafaozdemir/Qt/6.6.1/macos/lib/QtGui.framework/Versions/A/QtGui,/Users/mustafaozdemir/Qt/6.6.1/macos/lib/QtCore.framework/Versions/A/QtCore,"-framework IOKit","-framework DiskArbitration","-Xlinker -framework -Xlinker OpenGL","-Xlinker -framework -Xlinker AGL","-framework AppKit","-framework ImageIO","-framework Metal","$(inherited)");
				OTHER_REZFLAGS = "";
				PRODUCT_BUNDLE_IDENTIFIER = "deneme.$(PRODUCT_NAME:rfc1034identifier)";
				PRODUCT_NAME = periodiCpp;
				SECTORDER_FLAGS = "";
				SYSTEM_FRAMEWORK_SEARCH_PATHS = (/Users/mustafaozdemir/Qt/6.6.1/macos/lib,"$(inherited)");
				SYSTEM_HEADER_SEARCH_PATHS = (/Users/mustafaozdemir/Qt/6.6.1/macos/lib/QtCore.framework/Headers,"/Users/mustafaozdemir/Qt/6.6.1/macos/mkspecs/macx-clang",/Users/mustafaozdemir/Qt/6.6.1/macos/include,/Users/mustafaozdemir/Qt/6.6.1/macos/lib/QtWidgets.framework/Headers,/Users/mustafaozdemir/Qt/6.6.1/macos/lib/QtGui.framework/Headers,"$(inherited)");
				TARGET_TEMP_DIR = "/Users/mustafaozdemir/Qt_project/build-periodiCpp-Qt_6_6_1_macos-Release/build/periodiCpp.build/$(CONFIGURATION)$(EFFECTIVE_PLATFORM_NAME)";
				USE_HEADERMAP = NO;
				WARNING_CFLAGS = ("$(inherited)");
			};
			name = MinSizeRel;
		};
		E450E45077FA492DBFDD3C19 /* Debug */ = {
			isa = XCBuildConfiguration;
			buildSettings = {
				ARCHS = arm64;
				SDKROOT = /Applications/Xcode.app/Contents/Developer/Platforms/MacOSX.platform/Developer/SDKs/MacOSX14.2.sdk;
				SYMROOT = "/Users/mustafaozdemir/Qt_project/build-periodiCpp-Qt_6_6_1_macos-Release/build";
			};
			name = Debug;
		};
		F9729E0B1C40489CB0BED2B3 /* Release */ = {
			isa = XCBuildConfiguration;
			buildSettings = {
				ALWAYS_SEARCH_USER_PATHS = NO;
				ARCHS = arm64;
				COMBINE_HIDPI_IMAGES = YES;
				GCC_GENERATE_DEBUGGING_SYMBOLS = YES;
				GCC_INLINES_ARE_PRIVATE_EXTERN = NO;
				GCC_OPTIMIZATION_LEVEL = 0;
				GCC_PREPROCESSOR_DEFINITIONS = ("'CMAKE_INTDIR=\"$(CONFIGURATION)$(EFFECTIVE_PLATFORM_NAME)\"'","$(inherited)");
				GCC_SYMBOLS_PRIVATE_EXTERN = NO;
				INSTALL_PATH = "";
				ONLY_ACTIVE_ARCH = NO;
				OTHER_LDFLAGS = ("","$(inherited)");
				OTHER_REZFLAGS = "";
				PRODUCT_NAME = install;
				SECTORDER_FLAGS = "";
				USE_HEADERMAP = NO;
				WARNING_CFLAGS = ("$(inherited)");
			};
			name = Release;
		};
/* End XCBuildConfiguration section */

/* Begin XCConfigurationList section */
		8FE2CED1BADC410E9309E4B1 /* Build configuration list for PBXNativeTarget "periodiCpp" */ = {
			isa = XCConfigurationList;
			buildConfigurations = (
				7DE9D2DD986748E19401896B /* Debug */,
				D84945EB5F724A3CAE6E1BB2 /* Release */,
				E08EE867247E48C0B6E93258 /* MinSizeRel */,
				49518A3695B94FB0857DF155 /* RelWithDebInfo */,
			);
			defaultConfigurationIsVisible = 0;
			defaultConfigurationName = Debug;
		};
		A8B393498ED34CDF855632CF /* Build configuration list for PBXAggregateTarget "periodiCpp_autogen" */ = {
			isa = XCConfigurationList;
			buildConfigurations = (
				DF887CC2C45A4C30A919690F /* Debug */,
				130E86A4DFCD4CC59822BCB0 /* Release */,
				4E6B10AB1B374AC594DEAF5B /* MinSizeRel */,
				6EB6CDC0CF76406EB7FA15A7 /* RelWithDebInfo */,
			);
			defaultConfigurationIsVisible = 0;
			defaultConfigurationName = Debug;
		};
		BED65176225649FE8DAE55E0 /* Build configuration list for PBXAggregateTarget "ZERO_CHECK" */ = {
			isa = XCConfigurationList;
			buildConfigurations = (
				42F0A0A8440C4FAFB055DECE /* Debug */,
				9A69856ECF0F41818AA0965C /* Release */,
				D492E6DD4A1F45F1BCA31E25 /* MinSizeRel */,
				00F05C747B684FC7A9FBFBC4 /* RelWithDebInfo */,
			);
			defaultConfigurationIsVisible = 0;
			defaultConfigurationName = Debug;
		};
		CEF17D6B502A46CD86E13C2A /* Build configuration list for PBXAggregateTarget "install" */ = {
			isa = XCConfigurationList;
			buildConfigurations = (
				69A46E5AB1E3480BA4924310 /* Debug */,
				F9729E0B1C40489CB0BED2B3 /* Release */,
				09770127CF9844928D9D4745 /* MinSizeRel */,
				506D55FBD9724214B1B49BC6 /* RelWithDebInfo */,
			);
			defaultConfigurationIsVisible = 0;
			defaultConfigurationName = Debug;
		};
		E7DBFAAAC1F14481A0C2D325 /* Build configuration list for PBXAggregateTarget "ALL_BUILD" */ = {
			isa = XCConfigurationList;
			buildConfigurations = (
				DE388A65E53041C48762731D /* Debug */,
				540932DBCDF34137B195FABC /* Release */,
				0E830B49388142E28434F8CB /* MinSizeRel */,
				3E6A0D3E9698405AA3B93595 /* RelWithDebInfo */,
			);
			defaultConfigurationIsVisible = 0;
			defaultConfigurationName = Debug;
		};
		F53E40D7A9CD4E8988A28775 /* Build configuration list for PBXProject "periodiCpp" */ = {
			isa = XCConfigurationList;
			buildConfigurations = (
				E450E45077FA492DBFDD3C19 /* Debug */,
				783B3D3A0E0942188C5843DC /* Release */,
				C7C157F1B87D47BB890E1220 /* MinSizeRel */,
				6ED127CF576E410F8F98F3A3 /* RelWithDebInfo */,
			);
			defaultConfigurationIsVisible = 0;
			defaultConfigurationName = Debug;
		};
/* End XCConfigurationList section */
	};
	rootObject = 8F9E63690F9D4A5FBEE73337 /* Project object */;
}
